// !$*UTF8*$!
{
	archiveVersion = 1;
	classes = {
	};
	objectVersion = 56;
	objects = {

/* Begin PBXBuildFile section */
		CE42F6092B64A23200124E92 /* RentHouseApp.swift in Sources */ = {isa = PBXBuildFile; fileRef = CE42F6082B64A23200124E92 /* RentHouseApp.swift */; };
		CE42F60B2B64A23200124E92 /* Persistence.swift in Sources */ = {isa = PBXBuildFile; fileRef = CE42F60A2B64A23200124E92 /* Persistence.swift */; };
		CE42F60E2B64A23200124E92 /* RentHouse.xcdatamodeld in Sources */ = {isa = PBXBuildFile; fileRef = CE42F60C2B64A23200124E92 /* RentHouse.xcdatamodeld */; };
		CE42F6102B64A23200124E92 /* ContentView.swift in Sources */ = {isa = PBXBuildFile; fileRef = CE42F60F2B64A23200124E92 /* ContentView.swift */; };
		CE42F6122B64A23400124E92 /* Assets.xcassets in Resources */ = {isa = PBXBuildFile; fileRef = CE42F6112B64A23400124E92 /* Assets.xcassets */; };
		CE42F6162B64A23400124E92 /* Preview Assets.xcassets in Resources */ = {isa = PBXBuildFile; fileRef = CE42F6152B64A23400124E92 /* Preview Assets.xcassets */; };
		CE42F6202B64A23400124E92 /* RentHouseTests.swift in Sources */ = {isa = PBXBuildFile; fileRef = CE42F61F2B64A23400124E92 /* RentHouseTests.swift */; };
		CE42F62A2B64A23400124E92 /* RentHouseUITests.swift in Sources */ = {isa = PBXBuildFile; fileRef = CE42F6292B64A23400124E92 /* RentHouseUITests.swift */; };
		CE42F62C2B64A23400124E92 /* RentHouseUITestsLaunchTests.swift in Sources */ = {isa = PBXBuildFile; fileRef = CE42F62B2B64A23400124E92 /* RentHouseUITestsLaunchTests.swift */; };
		CE42F6722B64EA1B00124E92 /* Alamofire in Frameworks */ = {isa = PBXBuildFile; productRef = CE42F6712B64EA1B00124E92 /* Alamofire */; };
		CE42F6742B64F89000124E92 /* NetworkManager.swift in Sources */ = {isa = PBXBuildFile; fileRef = CE42F6732B64F89000124E92 /* NetworkManager.swift */; };
		CE42F6782B65103000124E92 /* HouseRouter.swift in Sources */ = {isa = PBXBuildFile; fileRef = CE42F6772B65103000124E92 /* HouseRouter.swift */; };
		CE42F67A2B65104C00124E92 /* AuthAPI.swift in Sources */ = {isa = PBXBuildFile; fileRef = CE42F6792B65104C00124E92 /* AuthAPI.swift */; };
		CE42F67C2B65106400124E92 /* RequestBuilder.swift in Sources */ = {isa = PBXBuildFile; fileRef = CE42F67B2B65106400124E92 /* RequestBuilder.swift */; };
		CE42F67E2B6510D300124E92 /* ParameterEncoder.swift in Sources */ = {isa = PBXBuildFile; fileRef = CE42F67D2B6510D300124E92 /* ParameterEncoder.swift */; };
		CE42F6802B65134200124E92 /* APIRouterProtocol.swift in Sources */ = {isa = PBXBuildFile; fileRef = CE42F67F2B65134200124E92 /* APIRouterProtocol.swift */; };
		CEBA4DB52B8EE387006F078A /* HomeViewModel.swift in Sources */ = {isa = PBXBuildFile; fileRef = CEBA4DAA2B8EE387006F078A /* HomeViewModel.swift */; };
		CEBA4DB62B8EE387006F078A /* House.swift in Sources */ = {isa = PBXBuildFile; fileRef = CEBA4DAC2B8EE387006F078A /* House.swift */; };
		CEBA4DB72B8EE387006F078A /* HouseDetailView.swift in Sources */ = {isa = PBXBuildFile; fileRef = CEBA4DAE2B8EE387006F078A /* HouseDetailView.swift */; };
		CEBA4DB82B8EE387006F078A /* HomeView.swift in Sources */ = {isa = PBXBuildFile; fileRef = CEBA4DAF2B8EE387006F078A /* HomeView.swift */; };
		CEBA4DB92B8EE387006F078A /* MockHomeService.swift in Sources */ = {isa = PBXBuildFile; fileRef = CEBA4DB12B8EE387006F078A /* MockHomeService.swift */; };
		CEBA4DBA2B8EE387006F078A /* HomeServiceProtocol.swift in Sources */ = {isa = PBXBuildFile; fileRef = CEBA4DB22B8EE387006F078A /* HomeServiceProtocol.swift */; };
		CEBA4DBB2B8EE387006F078A /* HomeService.swift in Sources */ = {isa = PBXBuildFile; fileRef = CEBA4DB32B8EE387006F078A /* HomeService.swift */; };
		CEBA4DBC2B8EE387006F078A /* HomeApi.swift in Sources */ = {isa = PBXBuildFile; fileRef = CEBA4DB42B8EE387006F078A /* HomeApi.swift */; };
		CEBA4DBE2B8EE429006F078A /* TabBarView.swift in Sources */ = {isa = PBXBuildFile; fileRef = CEBA4DBD2B8EE429006F078A /* TabBarView.swift */; };
		CEBA4DC42B8EE4D4006F078A /* ProfileView.swift in Sources */ = {isa = PBXBuildFile; fileRef = CEBA4DC22B8EE4D4006F078A /* ProfileView.swift */; };
		CEF6B6562B661D16006CE0F1 /* HouseUploadViewModel.swift in Sources */ = {isa = PBXBuildFile; fileRef = CEF6B6552B661D16006CE0F1 /* HouseUploadViewModel.swift */; };
		CEF6B65D2B663127006CE0F1 /* UploadView.swift in Sources */ = {isa = PBXBuildFile; fileRef = CEF6B65C2B663127006CE0F1 /* UploadView.swift */; };
		CEF6B6622B663B23006CE0F1 /* LoginViewModel.swift in Sources */ = {isa = PBXBuildFile; fileRef = CEF6B6612B663B23006CE0F1 /* LoginViewModel.swift */; };
		CEF6B6652B664553006CE0F1 /* User.swift in Sources */ = {isa = PBXBuildFile; fileRef = CEF6B6642B664553006CE0F1 /* User.swift */; };
		CEF6B6672B6648F4006CE0F1 /* LoginView.swift in Sources */ = {isa = PBXBuildFile; fileRef = CEF6B6662B6648F4006CE0F1 /* LoginView.swift */; };
/* End PBXBuildFile section */

/* Begin PBXContainerItemProxy section */
		CE42F61C2B64A23400124E92 /* PBXContainerItemProxy */ = {
			isa = PBXContainerItemProxy;
			containerPortal = CE42F5FD2B64A23200124E92 /* Project object */;
			proxyType = 1;
			remoteGlobalIDString = CE42F6042B64A23200124E92;
			remoteInfo = RentHouse;
		};
		CE42F6262B64A23400124E92 /* PBXContainerItemProxy */ = {
			isa = PBXContainerItemProxy;
			containerPortal = CE42F5FD2B64A23200124E92 /* Project object */;
			proxyType = 1;
			remoteGlobalIDString = CE42F6042B64A23200124E92;
			remoteInfo = RentHouse;
		};
/* End PBXContainerItemProxy section */

/* Begin PBXFileReference section */
		CE42F6052B64A23200124E92 /* RentHouse.app */ = {isa = PBXFileReference; explicitFileType = wrapper.application; includeInIndex = 0; path = RentHouse.app; sourceTree = BUILT_PRODUCTS_DIR; };
		CE42F6082B64A23200124E92 /* RentHouseApp.swift */ = {isa = PBXFileReference; lastKnownFileType = sourcecode.swift; path = RentHouseApp.swift; sourceTree = "<group>"; };
		CE42F60A2B64A23200124E92 /* Persistence.swift */ = {isa = PBXFileReference; lastKnownFileType = sourcecode.swift; path = Persistence.swift; sourceTree = "<group>"; };
		CE42F60D2B64A23200124E92 /* RentHouse.xcdatamodel */ = {isa = PBXFileReference; lastKnownFileType = wrapper.xcdatamodel; path = RentHouse.xcdatamodel; sourceTree = "<group>"; };
		CE42F60F2B64A23200124E92 /* ContentView.swift */ = {isa = PBXFileReference; lastKnownFileType = sourcecode.swift; path = ContentView.swift; sourceTree = "<group>"; };
		CE42F6112B64A23400124E92 /* Assets.xcassets */ = {isa = PBXFileReference; lastKnownFileType = folder.assetcatalog; path = Assets.xcassets; sourceTree = "<group>"; };
		CE42F6132B64A23400124E92 /* RentHouse.entitlements */ = {isa = PBXFileReference; lastKnownFileType = text.plist.entitlements; path = RentHouse.entitlements; sourceTree = "<group>"; };
		CE42F6152B64A23400124E92 /* Preview Assets.xcassets */ = {isa = PBXFileReference; lastKnownFileType = folder.assetcatalog; path = "Preview Assets.xcassets"; sourceTree = "<group>"; };
		CE42F61B2B64A23400124E92 /* RentHouseTests.xctest */ = {isa = PBXFileReference; explicitFileType = wrapper.cfbundle; includeInIndex = 0; path = RentHouseTests.xctest; sourceTree = BUILT_PRODUCTS_DIR; };
		CE42F61F2B64A23400124E92 /* RentHouseTests.swift */ = {isa = PBXFileReference; lastKnownFileType = sourcecode.swift; path = RentHouseTests.swift; sourceTree = "<group>"; };
		CE42F6252B64A23400124E92 /* RentHouseUITests.xctest */ = {isa = PBXFileReference; explicitFileType = wrapper.cfbundle; includeInIndex = 0; path = RentHouseUITests.xctest; sourceTree = BUILT_PRODUCTS_DIR; };
		CE42F6292B64A23400124E92 /* RentHouseUITests.swift */ = {isa = PBXFileReference; lastKnownFileType = sourcecode.swift; path = RentHouseUITests.swift; sourceTree = "<group>"; };
		CE42F62B2B64A23400124E92 /* RentHouseUITestsLaunchTests.swift */ = {isa = PBXFileReference; lastKnownFileType = sourcecode.swift; path = RentHouseUITestsLaunchTests.swift; sourceTree = "<group>"; };
		CE42F6732B64F89000124E92 /* NetworkManager.swift */ = {isa = PBXFileReference; lastKnownFileType = sourcecode.swift; path = NetworkManager.swift; sourceTree = "<group>"; };
		CE42F6772B65103000124E92 /* HouseRouter.swift */ = {isa = PBXFileReference; lastKnownFileType = sourcecode.swift; path = HouseRouter.swift; sourceTree = "<group>"; };
		CE42F6792B65104C00124E92 /* AuthAPI.swift */ = {isa = PBXFileReference; lastKnownFileType = sourcecode.swift; path = AuthAPI.swift; sourceTree = "<group>"; };
		CE42F67B2B65106400124E92 /* RequestBuilder.swift */ = {isa = PBXFileReference; lastKnownFileType = sourcecode.swift; path = RequestBuilder.swift; sourceTree = "<group>"; };
		CE42F67D2B6510D300124E92 /* ParameterEncoder.swift */ = {isa = PBXFileReference; lastKnownFileType = sourcecode.swift; path = ParameterEncoder.swift; sourceTree = "<group>"; };
		CE42F67F2B65134200124E92 /* APIRouterProtocol.swift */ = {isa = PBXFileReference; lastKnownFileType = sourcecode.swift; path = APIRouterProtocol.swift; sourceTree = "<group>"; };
		CEBA4DAA2B8EE387006F078A /* HomeViewModel.swift */ = {isa = PBXFileReference; fileEncoding = 4; lastKnownFileType = sourcecode.swift; path = HomeViewModel.swift; sourceTree = "<group>"; };
		CEBA4DAC2B8EE387006F078A /* House.swift */ = {isa = PBXFileReference; fileEncoding = 4; lastKnownFileType = sourcecode.swift; path = House.swift; sourceTree = "<group>"; };
		CEBA4DAE2B8EE387006F078A /* HouseDetailView.swift */ = {isa = PBXFileReference; fileEncoding = 4; lastKnownFileType = sourcecode.swift; path = HouseDetailView.swift; sourceTree = "<group>"; };
		CEBA4DAF2B8EE387006F078A /* HomeView.swift */ = {isa = PBXFileReference; fileEncoding = 4; lastKnownFileType = sourcecode.swift; path = HomeView.swift; sourceTree = "<group>"; };
		CEBA4DB12B8EE387006F078A /* MockHomeService.swift */ = {isa = PBXFileReference; fileEncoding = 4; lastKnownFileType = sourcecode.swift; path = MockHomeService.swift; sourceTree = "<group>"; };
		CEBA4DB22B8EE387006F078A /* HomeServiceProtocol.swift */ = {isa = PBXFileReference; fileEncoding = 4; lastKnownFileType = sourcecode.swift; path = HomeServiceProtocol.swift; sourceTree = "<group>"; };
		CEBA4DB32B8EE387006F078A /* HomeService.swift */ = {isa = PBXFileReference; fileEncoding = 4; lastKnownFileType = sourcecode.swift; path = HomeService.swift; sourceTree = "<group>"; };
		CEBA4DB42B8EE387006F078A /* HomeApi.swift */ = {isa = PBXFileReference; fileEncoding = 4; lastKnownFileType = sourcecode.swift; path = HomeApi.swift; sourceTree = "<group>"; };
		CEBA4DBD2B8EE429006F078A /* TabBarView.swift */ = {isa = PBXFileReference; fileEncoding = 4; lastKnownFileType = sourcecode.swift; path = TabBarView.swift; sourceTree = "<group>"; };
		CEBA4DC22B8EE4D4006F078A /* ProfileView.swift */ = {isa = PBXFileReference; fileEncoding = 4; lastKnownFileType = sourcecode.swift; path = ProfileView.swift; sourceTree = "<group>"; };
		CEBA4DC52B8F0283006F078A /* Info.plist */ = {isa = PBXFileReference; lastKnownFileType = text.plist; path = Info.plist; sourceTree = "<group>"; };
		CEF6B6552B661D16006CE0F1 /* HouseUploadViewModel.swift */ = {isa = PBXFileReference; lastKnownFileType = sourcecode.swift; path = HouseUploadViewModel.swift; sourceTree = "<group>"; };
		CEF6B65C2B663127006CE0F1 /* UploadView.swift */ = {isa = PBXFileReference; lastKnownFileType = sourcecode.swift; path = UploadView.swift; sourceTree = "<group>"; };
		CEF6B6612B663B23006CE0F1 /* LoginViewModel.swift */ = {isa = PBXFileReference; lastKnownFileType = sourcecode.swift; path = LoginViewModel.swift; sourceTree = "<group>"; };
		CEF6B6642B664553006CE0F1 /* User.swift */ = {isa = PBXFileReference; lastKnownFileType = sourcecode.swift; path = User.swift; sourceTree = "<group>"; };
		CEF6B6662B6648F4006CE0F1 /* LoginView.swift */ = {isa = PBXFileReference; lastKnownFileType = sourcecode.swift; path = LoginView.swift; sourceTree = "<group>"; };
/* End PBXFileReference section */

/* Begin PBXFrameworksBuildPhase section */
		CE42F6022B64A23200124E92 /* Frameworks */ = {
			isa = PBXFrameworksBuildPhase;
			buildActionMask = 2147483647;
			files = (
				CE42F6722B64EA1B00124E92 /* Alamofire in Frameworks */,
			);
			runOnlyForDeploymentPostprocessing = 0;
		};
		CE42F6182B64A23400124E92 /* Frameworks */ = {
			isa = PBXFrameworksBuildPhase;
			buildActionMask = 2147483647;
			files = (
			);
			runOnlyForDeploymentPostprocessing = 0;
		};
		CE42F6222B64A23400124E92 /* Frameworks */ = {
			isa = PBXFrameworksBuildPhase;
			buildActionMask = 2147483647;
			files = (
			);
			runOnlyForDeploymentPostprocessing = 0;
		};
/* End PBXFrameworksBuildPhase section */

/* Begin PBXGroup section */
		CE42F5FC2B64A23200124E92 = {
			isa = PBXGroup;
			children = (
				CE42F6072B64A23200124E92 /* RentHouse */,
				CE42F61E2B64A23400124E92 /* RentHouseTests */,
				CE42F6282B64A23400124E92 /* RentHouseUITests */,
				CE42F6062B64A23200124E92 /* Products */,
			);
			sourceTree = "<group>";
		};
		CE42F6062B64A23200124E92 /* Products */ = {
			isa = PBXGroup;
			children = (
				CE42F6052B64A23200124E92 /* RentHouse.app */,
				CE42F61B2B64A23400124E92 /* RentHouseTests.xctest */,
				CE42F6252B64A23400124E92 /* RentHouseUITests.xctest */,
			);
			name = Products;
			sourceTree = "<group>";
		};
		CE42F6072B64A23200124E92 /* RentHouse */ = {
			isa = PBXGroup;
			children = (
				CEBA4DC52B8F0283006F078A /* Info.plist */,
				CE42F6082B64A23200124E92 /* RentHouseApp.swift */,
				CE42F60A2B64A23200124E92 /* Persistence.swift */,
				CE42F60F2B64A23200124E92 /* ContentView.swift */,
				CEBA4DBD2B8EE429006F078A /* TabBarView.swift */,
				CE42F66F2B64E1B900124E92 /* Network */,
				CE42F6812B652C9C00124E92 /* Router */,
				CEF6B6532B661CC7006CE0F1 /* User */,
				CEBA4DA82B8EE387006F078A /* Home */,
				CEF6B6542B661CD6006CE0F1 /* House */,
				CEBA4DBF2B8EE4D4006F078A /* Mine */,
				CE42F6112B64A23400124E92 /* Assets.xcassets */,
				CE42F6132B64A23400124E92 /* RentHouse.entitlements */,
				CE42F60C2B64A23200124E92 /* RentHouse.xcdatamodeld */,
				CE42F6142B64A23400124E92 /* Preview Content */,
			);
			path = RentHouse;
			sourceTree = "<group>";
		};
		CE42F6142B64A23400124E92 /* Preview Content */ = {
			isa = PBXGroup;
			children = (
				CE42F6152B64A23400124E92 /* Preview Assets.xcassets */,
			);
			path = "Preview Content";
			sourceTree = "<group>";
		};
		CE42F61E2B64A23400124E92 /* RentHouseTests */ = {
			isa = PBXGroup;
			children = (
				CE42F61F2B64A23400124E92 /* RentHouseTests.swift */,
			);
			path = RentHouseTests;
			sourceTree = "<group>";
		};
		CE42F6282B64A23400124E92 /* RentHouseUITests */ = {
			isa = PBXGroup;
			children = (
				CE42F6292B64A23400124E92 /* RentHouseUITests.swift */,
				CE42F62B2B64A23400124E92 /* RentHouseUITestsLaunchTests.swift */,
			);
			path = RentHouseUITests;
			sourceTree = "<group>";
		};
		CE42F66F2B64E1B900124E92 /* Network */ = {
			isa = PBXGroup;
			children = (
				CE42F6732B64F89000124E92 /* NetworkManager.swift */,
				CE42F67B2B65106400124E92 /* RequestBuilder.swift */,
				CE42F67F2B65134200124E92 /* APIRouterProtocol.swift */,
				CE42F67D2B6510D300124E92 /* ParameterEncoder.swift */,
			);
			path = Network;
			sourceTree = "<group>";
		};
		CE42F6812B652C9C00124E92 /* Router */ = {
			isa = PBXGroup;
			children = (
				CE42F6772B65103000124E92 /* HouseRouter.swift */,
				CE42F6792B65104C00124E92 /* AuthAPI.swift */,
			);
			path = Router;
			sourceTree = "<group>";
		};
		CEBA4DA82B8EE387006F078A /* Home */ = {
			isa = PBXGroup;
			children = (
				CEBA4DAD2B8EE387006F078A /* View */,
				CEBA4DA92B8EE387006F078A /* ViewModel */,
				CEBA4DAB2B8EE387006F078A /* Model */,
				CEBA4DB02B8EE387006F078A /* Api */,
			);
			path = Home;
			sourceTree = "<group>";
		};
		CEBA4DA92B8EE387006F078A /* ViewModel */ = {
			isa = PBXGroup;
			children = (
				CEBA4DAA2B8EE387006F078A /* HomeViewModel.swift */,
			);
			path = ViewModel;
			sourceTree = "<group>";
		};
		CEBA4DAB2B8EE387006F078A /* Model */ = {
			isa = PBXGroup;
			children = (
			);
			path = Model;
			sourceTree = "<group>";
		};
		CEBA4DAD2B8EE387006F078A /* View */ = {
			isa = PBXGroup;
			children = (
				CEBA4DAF2B8EE387006F078A /* HomeView.swift */,
				CEBA4DAE2B8EE387006F078A /* HouseDetailView.swift */,
			);
			path = View;
			sourceTree = "<group>";
		};
		CEBA4DB02B8EE387006F078A /* Api */ = {
			isa = PBXGroup;
			children = (
				CEBA4DB42B8EE387006F078A /* HomeApi.swift */,
				CEBA4DB22B8EE387006F078A /* HomeServiceProtocol.swift */,
				CEBA4DB32B8EE387006F078A /* HomeService.swift */,
				CEBA4DB12B8EE387006F078A /* MockHomeService.swift */,
			);
			path = Api;
			sourceTree = "<group>";
		};
		CEBA4DBF2B8EE4D4006F078A /* Mine */ = {
			isa = PBXGroup;
			children = (
				CEBA4DC02B8EE4D4006F078A /* ViewModel */,
				CEBA4DC12B8EE4D4006F078A /* View */,
				CEBA4DC32B8EE4D4006F078A /* Api */,
			);
			path = Mine;
			sourceTree = "<group>";
		};
		CEBA4DC02B8EE4D4006F078A /* ViewModel */ = {
			isa = PBXGroup;
			children = (
			);
			path = ViewModel;
			sourceTree = "<group>";
		};
		CEBA4DC12B8EE4D4006F078A /* View */ = {
			isa = PBXGroup;
			children = (
				CEBA4DC22B8EE4D4006F078A /* ProfileView.swift */,
			);
			path = View;
			sourceTree = "<group>";
		};
		CEBA4DC32B8EE4D4006F078A /* Api */ = {
			isa = PBXGroup;
			children = (
			);
			path = Api;
			sourceTree = "<group>";
		};
		CEF6B6532B661CC7006CE0F1 /* User */ = {
			isa = PBXGroup;
			children = (
				CEF6B65E2B663ABF006CE0F1 /* Model */,
				CEF6B65F2B663ABF006CE0F1 /* View */,
				CEF6B6602B663ABF006CE0F1 /* ViewModel */,
			);
			path = User;
			sourceTree = "<group>";
		};
		CEF6B6542B661CD6006CE0F1 /* House */ = {
			isa = PBXGroup;
			children = (
				CEF6B6572B661D28006CE0F1 /* ViewModel */,
				CEF6B6582B661E60006CE0F1 /* Model */,
				CEF6B65B2B663111006CE0F1 /* View */,
			);
			path = House;
			sourceTree = "<group>";
		};
		CEF6B6572B661D28006CE0F1 /* ViewModel */ = {
			isa = PBXGroup;
			children = (
				CEF6B6552B661D16006CE0F1 /* HouseUploadViewModel.swift */,
			);
			path = ViewModel;
			sourceTree = "<group>";
		};
		CEF6B6582B661E60006CE0F1 /* Model */ = {
			isa = PBXGroup;
			children = (
				CEBA4DAC2B8EE387006F078A /* House.swift */,
			);
			path = Model;
			sourceTree = "<group>";
		};
		CEF6B65B2B663111006CE0F1 /* View */ = {
			isa = PBXGroup;
			children = (
				CEF6B65C2B663127006CE0F1 /* UploadView.swift */,
			);
			path = View;
			sourceTree = "<group>";
		};
		CEF6B65E2B663ABF006CE0F1 /* Model */ = {
			isa = PBXGroup;
			children = (
				CEF6B6642B664553006CE0F1 /* User.swift */,
			);
			path = Model;
			sourceTree = "<group>";
		};
		CEF6B65F2B663ABF006CE0F1 /* View */ = {
			isa = PBXGroup;
			children = (
				CEF6B6662B6648F4006CE0F1 /* LoginView.swift */,
			);
			path = View;
			sourceTree = "<group>";
		};
		CEF6B6602B663ABF006CE0F1 /* ViewModel */ = {
			isa = PBXGroup;
			children = (
				CEF6B6612B663B23006CE0F1 /* LoginViewModel.swift */,
			);
			path = ViewModel;
			sourceTree = "<group>";
		};
/* End PBXGroup section */

/* Begin PBXNativeTarget section */
		CE42F6042B64A23200124E92 /* RentHouse */ = {
			isa = PBXNativeTarget;
			buildConfigurationList = CE42F62F2B64A23400124E92 /* Build configuration list for PBXNativeTarget "RentHouse" */;
			buildPhases = (
				CE42F6012B64A23200124E92 /* Sources */,
				CE42F6022B64A23200124E92 /* Frameworks */,
				CE42F6032B64A23200124E92 /* Resources */,
			);
			buildRules = (
			);
			dependencies = (
			);
			name = RentHouse;
			packageProductDependencies = (
				CE42F6712B64EA1B00124E92 /* Alamofire */,
			);
			productName = RentHouse;
			productReference = CE42F6052B64A23200124E92 /* RentHouse.app */;
			productType = "com.apple.product-type.application";
		};
		CE42F61A2B64A23400124E92 /* RentHouseTests */ = {
			isa = PBXNativeTarget;
			buildConfigurationList = CE42F6322B64A23400124E92 /* Build configuration list for PBXNativeTarget "RentHouseTests" */;
			buildPhases = (
				CE42F6172B64A23400124E92 /* Sources */,
				CE42F6182B64A23400124E92 /* Frameworks */,
				CE42F6192B64A23400124E92 /* Resources */,
			);
			buildRules = (
			);
			dependencies = (
				CE42F61D2B64A23400124E92 /* PBXTargetDependency */,
			);
			name = RentHouseTests;
			productName = RentHouseTests;
			productReference = CE42F61B2B64A23400124E92 /* RentHouseTests.xctest */;
			productType = "com.apple.product-type.bundle.unit-test";
		};
		CE42F6242B64A23400124E92 /* RentHouseUITests */ = {
			isa = PBXNativeTarget;
			buildConfigurationList = CE42F6352B64A23400124E92 /* Build configuration list for PBXNativeTarget "RentHouseUITests" */;
			buildPhases = (
				CE42F6212B64A23400124E92 /* Sources */,
				CE42F6222B64A23400124E92 /* Frameworks */,
				CE42F6232B64A23400124E92 /* Resources */,
			);
			buildRules = (
			);
			dependencies = (
				CE42F6272B64A23400124E92 /* PBXTargetDependency */,
			);
			name = RentHouseUITests;
			productName = RentHouseUITests;
			productReference = CE42F6252B64A23400124E92 /* RentHouseUITests.xctest */;
			productType = "com.apple.product-type.bundle.ui-testing";
		};
/* End PBXNativeTarget section */

/* Begin PBXProject section */
		CE42F5FD2B64A23200124E92 /* Project object */ = {
			isa = PBXProject;
			attributes = {
				BuildIndependentTargetsInParallel = 1;
				LastSwiftUpdateCheck = 1420;
				LastUpgradeCheck = 1420;
				TargetAttributes = {
					CE42F6042B64A23200124E92 = {
						CreatedOnToolsVersion = 14.2;
					};
					CE42F61A2B64A23400124E92 = {
						CreatedOnToolsVersion = 14.2;
						TestTargetID = CE42F6042B64A23200124E92;
					};
					CE42F6242B64A23400124E92 = {
						CreatedOnToolsVersion = 14.2;
						TestTargetID = CE42F6042B64A23200124E92;
					};
				};
			};
			buildConfigurationList = CE42F6002B64A23200124E92 /* Build configuration list for PBXProject "RentHouse" */;
			compatibilityVersion = "Xcode 14.0";
			developmentRegion = en;
			hasScannedForEncodings = 0;
			knownRegions = (
				en,
				Base,
			);
			mainGroup = CE42F5FC2B64A23200124E92;
			packageReferences = (
				CE42F6702B64EA1B00124E92 /* XCRemoteSwiftPackageReference "Alamofire" */,
			);
			productRefGroup = CE42F6062B64A23200124E92 /* Products */;
			projectDirPath = "";
			projectRoot = "";
			targets = (
				CE42F6042B64A23200124E92 /* RentHouse */,
				CE42F61A2B64A23400124E92 /* RentHouseTests */,
				CE42F6242B64A23400124E92 /* RentHouseUITests */,
			);
		};
/* End PBXProject section */

/* Begin PBXResourcesBuildPhase section */
		CE42F6032B64A23200124E92 /* Resources */ = {
			isa = PBXResourcesBuildPhase;
			buildActionMask = 2147483647;
			files = (
				CE42F6162B64A23400124E92 /* Preview Assets.xcassets in Resources */,
				CE42F6122B64A23400124E92 /* Assets.xcassets in Resources */,
			);
			runOnlyForDeploymentPostprocessing = 0;
		};
		CE42F6192B64A23400124E92 /* Resources */ = {
			isa = PBXResourcesBuildPhase;
			buildActionMask = 2147483647;
			files = (
			);
			runOnlyForDeploymentPostprocessing = 0;
		};
		CE42F6232B64A23400124E92 /* Resources */ = {
			isa = PBXResourcesBuildPhase;
			buildActionMask = 2147483647;
			files = (
			);
			runOnlyForDeploymentPostprocessing = 0;
		};
/* End PBXResourcesBuildPhase section */

/* Begin PBXSourcesBuildPhase section */
		CE42F6012B64A23200124E92 /* Sources */ = {
			isa = PBXSourcesBuildPhase;
			buildActionMask = 2147483647;
			files = (
				CEBA4DB52B8EE387006F078A /* HomeViewModel.swift in Sources */,
				CEF6B6562B661D16006CE0F1 /* HouseUploadViewModel.swift in Sources */,
				CE42F6092B64A23200124E92 /* RentHouseApp.swift in Sources */,
				CE42F60B2B64A23200124E92 /* Persistence.swift in Sources */,
				CEBA4DB62B8EE387006F078A /* House.swift in Sources */,
				CE42F67C2B65106400124E92 /* RequestBuilder.swift in Sources */,
				CEF6B65D2B663127006CE0F1 /* UploadView.swift in Sources */,
				CEBA4DC42B8EE4D4006F078A /* ProfileView.swift in Sources */,
				CE42F67A2B65104C00124E92 /* AuthAPI.swift in Sources */,
				CEF6B6622B663B23006CE0F1 /* LoginViewModel.swift in Sources */,
				CE42F6782B65103000124E92 /* HouseRouter.swift in Sources */,
				CEBA4DBE2B8EE429006F078A /* TabBarView.swift in Sources */,
				CEBA4DB72B8EE387006F078A /* HouseDetailView.swift in Sources */,
				CEBA4DBC2B8EE387006F078A /* HomeApi.swift in Sources */,
				CEF6B6652B664553006CE0F1 /* User.swift in Sources */,
				CE42F6742B64F89000124E92 /* NetworkManager.swift in Sources */,
				CEBA4DB92B8EE387006F078A /* MockHomeService.swift in Sources */,
				CEBA4DB82B8EE387006F078A /* HomeView.swift in Sources */,
				CE42F6102B64A23200124E92 /* ContentView.swift in Sources */,
				CE42F67E2B6510D300124E92 /* ParameterEncoder.swift in Sources */,
				CE42F6802B65134200124E92 /* APIRouterProtocol.swift in Sources */,
				CEBA4DBB2B8EE387006F078A /* HomeService.swift in Sources */,
				CEBA4DBA2B8EE387006F078A /* HomeServiceProtocol.swift in Sources */,
				CEF6B6672B6648F4006CE0F1 /* LoginView.swift in Sources */,
				CE42F60E2B64A23200124E92 /* RentHouse.xcdatamodeld in Sources */,
			);
			runOnlyForDeploymentPostprocessing = 0;
		};
		CE42F6172B64A23400124E92 /* Sources */ = {
			isa = PBXSourcesBuildPhase;
			buildActionMask = 2147483647;
			files = (
				CE42F6202B64A23400124E92 /* RentHouseTests.swift in Sources */,
			);
			runOnlyForDeploymentPostprocessing = 0;
		};
		CE42F6212B64A23400124E92 /* Sources */ = {
			isa = PBXSourcesBuildPhase;
			buildActionMask = 2147483647;
			files = (
				CE42F62C2B64A23400124E92 /* RentHouseUITestsLaunchTests.swift in Sources */,
				CE42F62A2B64A23400124E92 /* RentHouseUITests.swift in Sources */,
			);
			runOnlyForDeploymentPostprocessing = 0;
		};
/* End PBXSourcesBuildPhase section */

/* Begin PBXTargetDependency section */
		CE42F61D2B64A23400124E92 /* PBXTargetDependency */ = {
			isa = PBXTargetDependency;
			target = CE42F6042B64A23200124E92 /* RentHouse */;
			targetProxy = CE42F61C2B64A23400124E92 /* PBXContainerItemProxy */;
		};
		CE42F6272B64A23400124E92 /* PBXTargetDependency */ = {
			isa = PBXTargetDependency;
			target = CE42F6042B64A23200124E92 /* RentHouse */;
			targetProxy = CE42F6262B64A23400124E92 /* PBXContainerItemProxy */;
		};
/* End PBXTargetDependency section */

/* Begin XCBuildConfiguration section */
		CE42F62D2B64A23400124E92 /* Debug */ = {
			isa = XCBuildConfiguration;
			buildSettings = {
				ALWAYS_SEARCH_USER_PATHS = NO;
				CLANG_ANALYZER_NONNULL = YES;
				CLANG_ANALYZER_NUMBER_OBJECT_CONVERSION = YES_AGGRESSIVE;
				CLANG_CXX_LANGUAGE_STANDARD = "gnu++20";
				CLANG_ENABLE_MODULES = YES;
				CLANG_ENABLE_OBJC_ARC = YES;
				CLANG_ENABLE_OBJC_WEAK = YES;
				CLANG_WARN_BLOCK_CAPTURE_AUTORELEASING = YES;
				CLANG_WARN_BOOL_CONVERSION = YES;
				CLANG_WARN_COMMA = YES;
				CLANG_WARN_CONSTANT_CONVERSION = YES;
				CLANG_WARN_DEPRECATED_OBJC_IMPLEMENTATIONS = YES;
				CLANG_WARN_DIRECT_OBJC_ISA_USAGE = YES_ERROR;
				CLANG_WARN_DOCUMENTATION_COMMENTS = YES;
				CLANG_WARN_EMPTY_BODY = YES;
				CLANG_WARN_ENUM_CONVERSION = YES;
				CLANG_WARN_INFINITE_RECURSION = YES;
				CLANG_WARN_INT_CONVERSION = YES;
				CLANG_WARN_NON_LITERAL_NULL_CONVERSION = YES;
				CLANG_WARN_OBJC_IMPLICIT_RETAIN_SELF = YES;
				CLANG_WARN_OBJC_LITERAL_CONVERSION = YES;
				CLANG_WARN_OBJC_ROOT_CLASS = YES_ERROR;
				CLANG_WARN_QUOTED_INCLUDE_IN_FRAMEWORK_HEADER = YES;
				CLANG_WARN_RANGE_LOOP_ANALYSIS = YES;
				CLANG_WARN_STRICT_PROTOTYPES = YES;
				CLANG_WARN_SUSPICIOUS_MOVE = YES;
				CLANG_WARN_UNGUARDED_AVAILABILITY = YES_AGGRESSIVE;
				CLANG_WARN_UNREACHABLE_CODE = YES;
				CLANG_WARN__DUPLICATE_METHOD_MATCH = YES;
				COPY_PHASE_STRIP = NO;
				DEBUG_INFORMATION_FORMAT = dwarf;
				ENABLE_STRICT_OBJC_MSGSEND = YES;
				ENABLE_TESTABILITY = YES;
				GCC_C_LANGUAGE_STANDARD = gnu11;
				GCC_DYNAMIC_NO_PIC = NO;
				GCC_NO_COMMON_BLOCKS = YES;
				GCC_OPTIMIZATION_LEVEL = 0;
				GCC_PREPROCESSOR_DEFINITIONS = (
					"DEBUG=1",
					"$(inherited)",
				);
				GCC_WARN_64_TO_32_BIT_CONVERSION = YES;
				GCC_WARN_ABOUT_RETURN_TYPE = YES_ERROR;
				GCC_WARN_UNDECLARED_SELECTOR = YES;
				GCC_WARN_UNINITIALIZED_AUTOS = YES_AGGRESSIVE;
				GCC_WARN_UNUSED_FUNCTION = YES;
				GCC_WARN_UNUSED_VARIABLE = YES;
				MTL_ENABLE_DEBUG_INFO = INCLUDE_SOURCE;
				MTL_FAST_MATH = YES;
				ONLY_ACTIVE_ARCH = YES;
				SWIFT_ACTIVE_COMPILATION_CONDITIONS = DEBUG;
				SWIFT_OPTIMIZATION_LEVEL = "-Onone";
			};
			name = Debug;
		};
		CE42F62E2B64A23400124E92 /* Release */ = {
			isa = XCBuildConfiguration;
			buildSettings = {
				ALWAYS_SEARCH_USER_PATHS = NO;
				CLANG_ANALYZER_NONNULL = YES;
				CLANG_ANALYZER_NUMBER_OBJECT_CONVERSION = YES_AGGRESSIVE;
				CLANG_CXX_LANGUAGE_STANDARD = "gnu++20";
				CLANG_ENABLE_MODULES = YES;
				CLANG_ENABLE_OBJC_ARC = YES;
				CLANG_ENABLE_OBJC_WEAK = YES;
				CLANG_WARN_BLOCK_CAPTURE_AUTORELEASING = YES;
				CLANG_WARN_BOOL_CONVERSION = YES;
				CLANG_WARN_COMMA = YES;
				CLANG_WARN_CONSTANT_CONVERSION = YES;
				CLANG_WARN_DEPRECATED_OBJC_IMPLEMENTATIONS = YES;
				CLANG_WARN_DIRECT_OBJC_ISA_USAGE = YES_ERROR;
				CLANG_WARN_DOCUMENTATION_COMMENTS = YES;
				CLANG_WARN_EMPTY_BODY = YES;
				CLANG_WARN_ENUM_CONVERSION = YES;
				CLANG_WARN_INFINITE_RECURSION = YES;
				CLANG_WARN_INT_CONVERSION = YES;
				CLANG_WARN_NON_LITERAL_NULL_CONVERSION = YES;
				CLANG_WARN_OBJC_IMPLICIT_RETAIN_SELF = YES;
				CLANG_WARN_OBJC_LITERAL_CONVERSION = YES;
				CLANG_WARN_OBJC_ROOT_CLASS = YES_ERROR;
				CLANG_WARN_QUOTED_INCLUDE_IN_FRAMEWORK_HEADER = YES;
				CLANG_WARN_RANGE_LOOP_ANALYSIS = YES;
				CLANG_WARN_STRICT_PROTOTYPES = YES;
				CLANG_WARN_SUSPICIOUS_MOVE = YES;
				CLANG_WARN_UNGUARDED_AVAILABILITY = YES_AGGRESSIVE;
				CLANG_WARN_UNREACHABLE_CODE = YES;
				CLANG_WARN__DUPLICATE_METHOD_MATCH = YES;
				COPY_PHASE_STRIP = NO;
				DEBUG_INFORMATION_FORMAT = "dwarf-with-dsym";
				ENABLE_NS_ASSERTIONS = NO;
				ENABLE_STRICT_OBJC_MSGSEND = YES;
				GCC_C_LANGUAGE_STANDARD = gnu11;
				GCC_NO_COMMON_BLOCKS = YES;
				GCC_WARN_64_TO_32_BIT_CONVERSION = YES;
				GCC_WARN_ABOUT_RETURN_TYPE = YES_ERROR;
				GCC_WARN_UNDECLARED_SELECTOR = YES;
				GCC_WARN_UNINITIALIZED_AUTOS = YES_AGGRESSIVE;
				GCC_WARN_UNUSED_FUNCTION = YES;
				GCC_WARN_UNUSED_VARIABLE = YES;
				MTL_ENABLE_DEBUG_INFO = NO;
				MTL_FAST_MATH = YES;
				SWIFT_COMPILATION_MODE = wholemodule;
				SWIFT_OPTIMIZATION_LEVEL = "-O";
			};
			name = Release;
		};
		CE42F6302B64A23400124E92 /* Debug */ = {
			isa = XCBuildConfiguration;
			buildSettings = {
				ASSETCATALOG_COMPILER_APPICON_NAME = AppIcon;
				ASSETCATALOG_COMPILER_GLOBAL_ACCENT_COLOR_NAME = AccentColor;
				CODE_SIGN_ENTITLEMENTS = RentHouse/RentHouse.entitlements;
				CODE_SIGN_STYLE = Automatic;
				CURRENT_PROJECT_VERSION = 1;
				DEVELOPMENT_ASSET_PATHS = "\"RentHouse/Preview Content\"";
				DEVELOPMENT_TEAM = WGTAZF6C7D;
				ENABLE_HARDENED_RUNTIME = YES;
				ENABLE_PREVIEWS = YES;
				GENERATE_INFOPLIST_FILE = YES;
				INFOPLIST_FILE = RentHouse/Info.plist;
				"INFOPLIST_KEY_UIApplicationSceneManifest_Generation[sdk=iphoneos*]" = YES;
				"INFOPLIST_KEY_UIApplicationSceneManifest_Generation[sdk=iphonesimulator*]" = YES;
				"INFOPLIST_KEY_UIApplicationSupportsIndirectInputEvents[sdk=iphoneos*]" = YES;
				"INFOPLIST_KEY_UIApplicationSupportsIndirectInputEvents[sdk=iphonesimulator*]" = YES;
				"INFOPLIST_KEY_UILaunchScreen_Generation[sdk=iphoneos*]" = YES;
				"INFOPLIST_KEY_UILaunchScreen_Generation[sdk=iphonesimulator*]" = YES;
				"INFOPLIST_KEY_UIStatusBarStyle[sdk=iphoneos*]" = UIStatusBarStyleDefault;
				"INFOPLIST_KEY_UIStatusBarStyle[sdk=iphonesimulator*]" = UIStatusBarStyleDefault;
				INFOPLIST_KEY_UISupportedInterfaceOrientations_iPad = "UIInterfaceOrientationPortrait UIInterfaceOrientationPortraitUpsideDown UIInterfaceOrientationLandscapeLeft UIInterfaceOrientationLandscapeRight";
				INFOPLIST_KEY_UISupportedInterfaceOrientations_iPhone = "UIInterfaceOrientationPortrait UIInterfaceOrientationLandscapeLeft UIInterfaceOrientationLandscapeRight";
				IPHONEOS_DEPLOYMENT_TARGET = 16.2;
				LD_RUNPATH_SEARCH_PATHS = "@executable_path/Frameworks";
				"LD_RUNPATH_SEARCH_PATHS[sdk=macosx*]" = "@executable_path/../Frameworks";
				MACOSX_DEPLOYMENT_TARGET = 13.1;
				MARKETING_VERSION = 1.0;
				PRODUCT_BUNDLE_IDENTIFIER = com.liuhongli.RentHouse;
				PRODUCT_NAME = "$(TARGET_NAME)";
				SDKROOT = auto;
				SUPPORTED_PLATFORMS = "iphoneos iphonesimulator macosx";
				SWIFT_EMIT_LOC_STRINGS = YES;
				SWIFT_VERSION = 5.0;
				TARGETED_DEVICE_FAMILY = "1,2";
			};
			name = Debug;
		};
		CE42F6312B64A23400124E92 /* Release */ = {
			isa = XCBuildConfiguration;
			buildSettings = {
				ASSETCATALOG_COMPILER_APPICON_NAME = AppIcon;
				ASSETCATALOG_COMPILER_GLOBAL_ACCENT_COLOR_NAME = AccentColor;
				CODE_SIGN_ENTITLEMENTS = RentHouse/RentHouse.entitlements;
				CODE_SIGN_STYLE = Automatic;
				CURRENT_PROJECT_VERSION = 1;
				DEVELOPMENT_ASSET_PATHS = "\"RentHouse/Preview Content\"";
				DEVELOPMENT_TEAM = WGTAZF6C7D;
				ENABLE_HARDENED_RUNTIME = YES;
				ENABLE_PREVIEWS = YES;
				GENERATE_INFOPLIST_FILE = YES;
				INFOPLIST_FILE = RentHouse/Info.plist;
				"INFOPLIST_KEY_UIApplicationSceneManifest_Generation[sdk=iphoneos*]" = YES;
				"INFOPLIST_KEY_UIApplicationSceneManifest_Generation[sdk=iphonesimulator*]" = YES;
				"INFOPLIST_KEY_UIApplicationSupportsIndirectInputEvents[sdk=iphoneos*]" = YES;
				"INFOPLIST_KEY_UIApplicationSupportsIndirectInputEvents[sdk=iphonesimulator*]" = YES;
				"INFOPLIST_KEY_UILaunchScreen_Generation[sdk=iphoneos*]" = YES;
				"INFOPLIST_KEY_UILaunchScreen_Generation[sdk=iphonesimulator*]" = YES;
				"INFOPLIST_KEY_UIStatusBarStyle[sdk=iphoneos*]" = UIStatusBarStyleDefault;
				"INFOPLIST_KEY_UIStatusBarStyle[sdk=iphonesimulator*]" = UIStatusBarStyleDefault;
				INFOPLIST_KEY_UISupportedInterfaceOrientations_iPad = "UIInterfaceOrientationPortrait UIInterfaceOrientationPortraitUpsideDown UIInterfaceOrientationLandscapeLeft UIInterfaceOrientationLandscapeRight";
				INFOPLIST_KEY_UISupportedInterfaceOrientations_iPhone = "UIInterfaceOrientationPortrait UIInterfaceOrientationLandscapeLeft UIInterfaceOrientationLandscapeRight";
				IPHONEOS_DEPLOYMENT_TARGET = 16.2;
				LD_RUNPATH_SEARCH_PATHS = "@executable_path/Frameworks";
				"LD_RUNPATH_SEARCH_PATHS[sdk=macosx*]" = "@executable_path/../Frameworks";
				MACOSX_DEPLOYMENT_TARGET = 13.1;
				MARKETING_VERSION = 1.0;
				PRODUCT_BUNDLE_IDENTIFIER = com.liuhongli.RentHouse;
				PRODUCT_NAME = "$(TARGET_NAME)";
				SDKROOT = auto;
				SUPPORTED_PLATFORMS = "iphoneos iphonesimulator macosx";
				SWIFT_EMIT_LOC_STRINGS = YES;
				SWIFT_VERSION = 5.0;
				TARGETED_DEVICE_FAMILY = "1,2";
			};
			name = Release;
		};
		CE42F6332B64A23400124E92 /* Debug */ = {
			isa = XCBuildConfiguration;
			buildSettings = {
				ALWAYS_EMBED_SWIFT_STANDARD_LIBRARIES = YES;
				BUNDLE_LOADER = "$(TEST_HOST)";
				CODE_SIGN_STYLE = Automatic;
				CURRENT_PROJECT_VERSION = 1;
				DEVELOPMENT_TEAM = WGTAZF6C7D;
				GENERATE_INFOPLIST_FILE = YES;
				IPHONEOS_DEPLOYMENT_TARGET = 16.2;
				MACOSX_DEPLOYMENT_TARGET = 13.1;
				MARKETING_VERSION = 1.0;
				PRODUCT_BUNDLE_IDENTIFIER = com.liuhongli.RentHouseTests;
				PRODUCT_NAME = "$(TARGET_NAME)";
				SDKROOT = auto;
				SUPPORTED_PLATFORMS = "iphoneos iphonesimulator macosx";
				SWIFT_EMIT_LOC_STRINGS = NO;
				SWIFT_VERSION = 5.0;
				TARGETED_DEVICE_FAMILY = "1,2";
				TEST_HOST = "$(BUILT_PRODUCTS_DIR)/RentHouse.app/$(BUNDLE_EXECUTABLE_FOLDER_PATH)/RentHouse";
			};
			name = Debug;
		};
		CE42F6342B64A23400124E92 /* Release */ = {
			isa = XCBuildConfiguration;
			buildSettings = {
				ALWAYS_EMBED_SWIFT_STANDARD_LIBRARIES = YES;
				BUNDLE_LOADER = "$(TEST_HOST)";
				CODE_SIGN_STYLE = Automatic;
				CURRENT_PROJECT_VERSION = 1;
				DEVELOPMENT_TEAM = WGTAZF6C7D;
				GENERATE_INFOPLIST_FILE = YES;
				IPHONEOS_DEPLOYMENT_TARGET = 16.2;
				MACOSX_DEPLOYMENT_TARGET = 13.1;
				MARKETING_VERSION = 1.0;
				PRODUCT_BUNDLE_IDENTIFIER = com.liuhongli.RentHouseTests;
				PRODUCT_NAME = "$(TARGET_NAME)";
				SDKROOT = auto;
				SUPPORTED_PLATFORMS = "iphoneos iphonesimulator macosx";
				SWIFT_EMIT_LOC_STRINGS = NO;
				SWIFT_VERSION = 5.0;
				TARGETED_DEVICE_FAMILY = "1,2";
				TEST_HOST = "$(BUILT_PRODUCTS_DIR)/RentHouse.app/$(BUNDLE_EXECUTABLE_FOLDER_PATH)/RentHouse";
			};
			name = Release;
		};
		CE42F6362B64A23400124E92 /* Debug */ = {
			isa = XCBuildConfiguration;
			buildSettings = {
				ALWAYS_EMBED_SWIFT_STANDARD_LIBRARIES = YES;
				CODE_SIGN_STYLE = Automatic;
				CURRENT_PROJECT_VERSION = 1;
				DEVELOPMENT_TEAM = WGTAZF6C7D;
				GENERATE_INFOPLIST_FILE = YES;
				IPHONEOS_DEPLOYMENT_TARGET = 16.2;
				MACOSX_DEPLOYMENT_TARGET = 13.1;
				MARKETING_VERSION = 1.0;
				PRODUCT_BUNDLE_IDENTIFIER = com.liuhongli.RentHouseUITests;
				PRODUCT_NAME = "$(TARGET_NAME)";
				SDKROOT = auto;
				SUPPORTED_PLATFORMS = "iphoneos iphonesimulator macosx";
				SWIFT_EMIT_LOC_STRINGS = NO;
				SWIFT_VERSION = 5.0;
				TARGETED_DEVICE_FAMILY = "1,2";
				TEST_TARGET_NAME = RentHouse;
			};
			name = Debug;
		};
		CE42F6372B64A23400124E92 /* Release */ = {
			isa = XCBuildConfiguration;
			buildSettings = {
				ALWAYS_EMBED_SWIFT_STANDARD_LIBRARIES = YES;
				CODE_SIGN_STYLE = Automatic;
				CURRENT_PROJECT_VERSION = 1;
				DEVELOPMENT_TEAM = WGTAZF6C7D;
				GENERATE_INFOPLIST_FILE = YES;
				IPHONEOS_DEPLOYMENT_TARGET = 16.2;
				MACOSX_DEPLOYMENT_TARGET = 13.1;
				MARKETING_VERSION = 1.0;
				PRODUCT_BUNDLE_IDENTIFIER = com.liuhongli.RentHouseUITests;
				PRODUCT_NAME = "$(TARGET_NAME)";
				SDKROOT = auto;
				SUPPORTED_PLATFORMS = "iphoneos iphonesimulator macosx";
				SWIFT_EMIT_LOC_STRINGS = NO;
				SWIFT_VERSION = 5.0;
				TARGETED_DEVICE_FAMILY = "1,2";
				TEST_TARGET_NAME = RentHouse;
			};
			name = Release;
		};
/* End XCBuildConfiguration section */

/* Begin XCConfigurationList section */
		CE42F6002B64A23200124E92 /* Build configuration list for PBXProject "RentHouse" */ = {
			isa = XCConfigurationList;
			buildConfigurations = (
				CE42F62D2B64A23400124E92 /* Debug */,
				CE42F62E2B64A23400124E92 /* Release */,
			);
			defaultConfigurationIsVisible = 0;
			defaultConfigurationName = Release;
		};
		CE42F62F2B64A23400124E92 /* Build configuration list for PBXNativeTarget "RentHouse" */ = {
			isa = XCConfigurationList;
			buildConfigurations = (
				CE42F6302B64A23400124E92 /* Debug */,
				CE42F6312B64A23400124E92 /* Release */,
			);
			defaultConfigurationIsVisible = 0;
			defaultConfigurationName = Release;
		};
		CE42F6322B64A23400124E92 /* Build configuration list for PBXNativeTarget "RentHouseTests" */ = {
			isa = XCConfigurationList;
			buildConfigurations = (
				CE42F6332B64A23400124E92 /* Debug */,
				CE42F6342B64A23400124E92 /* Release */,
			);
			defaultConfigurationIsVisible = 0;
			defaultConfigurationName = Release;
		};
		CE42F6352B64A23400124E92 /* Build configuration list for PBXNativeTarget "RentHouseUITests" */ = {
			isa = XCConfigurationList;
			buildConfigurations = (
				CE42F6362B64A23400124E92 /* Debug */,
				CE42F6372B64A23400124E92 /* Release */,
			);
			defaultConfigurationIsVisible = 0;
			defaultConfigurationName = Release;
		};
/* End XCConfigurationList section */

/* Begin XCRemoteSwiftPackageReference section */
		CE42F6702B64EA1B00124E92 /* XCRemoteSwiftPackageReference "Alamofire" */ = {
			isa = XCRemoteSwiftPackageReference;
			repositoryURL = "https://gitee.com/cellgit/Alamofire.git";
			requirement = {
				kind = upToNextMinorVersion;
				minimumVersion = 5.8.0;
			};
		};
/* End XCRemoteSwiftPackageReference section */

/* Begin XCSwiftPackageProductDependency section */
		CE42F6712B64EA1B00124E92 /* Alamofire */ = {
			isa = XCSwiftPackageProductDependency;
			package = CE42F6702B64EA1B00124E92 /* XCRemoteSwiftPackageReference "Alamofire" */;
			productName = Alamofire;
		};
/* End XCSwiftPackageProductDependency section */

/* Begin XCVersionGroup section */
		CE42F60C2B64A23200124E92 /* RentHouse.xcdatamodeld */ = {
			isa = XCVersionGroup;
			children = (
				CE42F60D2B64A23200124E92 /* RentHouse.xcdatamodel */,
			);
			currentVersion = CE42F60D2B64A23200124E92 /* RentHouse.xcdatamodel */;
			path = RentHouse.xcdatamodeld;
			sourceTree = "<group>";
			versionGroupType = wrapper.xcdatamodel;
		};
/* End XCVersionGroup section */
	};
	rootObject = CE42F5FD2B64A23200124E92 /* Project object */;
}
