// !$*UTF8*$!
{
	archiveVersion = 1;
	classes = {
	};
	objectVersion = 56;
	objects = {

/* Begin PBXBuildFile section */
		CE34ED0A2B917DC000C0789F /* HouseApi.swift in Sources */ = {isa = PBXBuildFile; fileRef = CE34ED092B917DC000C0789F /* HouseApi.swift */; };
		CE34ED0C2B917DD800C0789F /* HouseServiceProtocol.swift in Sources */ = {isa = PBXBuildFile; fileRef = CE34ED0B2B917DD800C0789F /* HouseServiceProtocol.swift */; };
		CE34ED0E2B917DE300C0789F /* HouseService.swift in Sources */ = {isa = PBXBuildFile; fileRef = CE34ED0D2B917DE300C0789F /* HouseService.swift */; };
		CE34ED102B917DEE00C0789F /* MockHouseService.swift in Sources */ = {isa = PBXBuildFile; fileRef = CE34ED0F2B917DEE00C0789F /* MockHouseService.swift */; };
		CE42F6092B64A23200124E92 /* RentHouseApp.swift in Sources */ = {isa = PBXBuildFile; fileRef = CE42F6082B64A23200124E92 /* RentHouseApp.swift */; };
		CE42F60B2B64A23200124E92 /* Persistence.swift in Sources */ = {isa = PBXBuildFile; fileRef = CE42F60A2B64A23200124E92 /* Persistence.swift */; };
		CE42F60E2B64A23200124E92 /* RentHouse.xcdatamodeld in Sources */ = {isa = PBXBuildFile; fileRef = CE42F60C2B64A23200124E92 /* RentHouse.xcdatamodeld */; };
		CE42F6102B64A23200124E92 /* ContentView.swift in Sources */ = {isa = PBXBuildFile; fileRef = CE42F60F2B64A23200124E92 /* ContentView.swift */; };
		CE42F6122B64A23400124E92 /* Assets.xcassets in Resources */ = {isa = PBXBuildFile; fileRef = CE42F6112B64A23400124E92 /* Assets.xcassets */; };
		CE42F6162B64A23400124E92 /* Preview Assets.xcassets in Resources */ = {isa = PBXBuildFile; fileRef = CE42F6152B64A23400124E92 /* Preview Assets.xcassets */; };
		CE42F6202B64A23400124E92 /* RentHouseTests.swift in Sources */ = {isa = PBXBuildFile; fileRef = CE42F61F2B64A23400124E92 /* RentHouseTests.swift */; };
		CE42F62A2B64A23400124E92 /* RentHouseUITests.swift in Sources */ = {isa = PBXBuildFile; fileRef = CE42F6292B64A23400124E92 /* RentHouseUITests.swift */; };
		CE42F62C2B64A23400124E92 /* RentHouseUITestsLaunchTests.swift in Sources */ = {isa = PBXBuildFile; fileRef = CE42F62B2B64A23400124E92 /* RentHouseUITestsLaunchTests.swift */; };
		CE42F6722B64EA1B00124E92 /* Alamofire in Frameworks */ = {isa = PBXBuildFile; productRef = CE42F6712B64EA1B00124E92 /* Alamofire */; };
		CE42F6742B64F89000124E92 /* NetworkManager.swift in Sources */ = {isa = PBXBuildFile; fileRef = CE42F6732B64F89000124E92 /* NetworkManager.swift */; };
		CE42F6782B65103000124E92 /* HouseRouter.swift in Sources */ = {isa = PBXBuildFile; fileRef = CE42F6772B65103000124E92 /* HouseRouter.swift */; };
		CE42F67A2B65104C00124E92 /* AuthAPI.swift in Sources */ = {isa = PBXBuildFile; fileRef = CE42F6792B65104C00124E92 /* AuthAPI.swift */; };
		CE42F67C2B65106400124E92 /* RequestBuilder.swift in Sources */ = {isa = PBXBuildFile; fileRef = CE42F67B2B65106400124E92 /* RequestBuilder.swift */; };
		CE42F67E2B6510D300124E92 /* ParameterEncoder.swift in Sources */ = {isa = PBXBuildFile; fileRef = CE42F67D2B6510D300124E92 /* ParameterEncoder.swift */; };
		CE42F6802B65134200124E92 /* APIRouterProtocol.swift in Sources */ = {isa = PBXBuildFile; fileRef = CE42F67F2B65134200124E92 /* APIRouterProtocol.swift */; };
		CE56BC6D2BA2E6DD009168CC /* GridTagsView.swift in Sources */ = {isa = PBXBuildFile; fileRef = CE56BC6C2BA2E6DD009168CC /* GridTagsView.swift */; };
		CE56BC6F2BA2FAF3009168CC /* FlowLayoutGridView.swift in Sources */ = {isa = PBXBuildFile; fileRef = CE56BC6E2BA2FAF3009168CC /* FlowLayoutGridView.swift */; };
		CE56BC712BA32D56009168CC /* MultiFlowLayoutGridView.swift in Sources */ = {isa = PBXBuildFile; fileRef = CE56BC702BA32D56009168CC /* MultiFlowLayoutGridView.swift */; };
		CE8005652B91748D00E1D683 /* Kingfisher in Frameworks */ = {isa = PBXBuildFile; productRef = CE8005642B91748D00E1D683 /* Kingfisher */; };
		CEBA4DB52B8EE387006F078A /* HomeViewModel.swift in Sources */ = {isa = PBXBuildFile; fileRef = CEBA4DAA2B8EE387006F078A /* HomeViewModel.swift */; };
		CEBA4DB62B8EE387006F078A /* House.swift in Sources */ = {isa = PBXBuildFile; fileRef = CEBA4DAC2B8EE387006F078A /* House.swift */; };
		CEBA4DB72B8EE387006F078A /* HouseDetailView.swift in Sources */ = {isa = PBXBuildFile; fileRef = CEBA4DAE2B8EE387006F078A /* HouseDetailView.swift */; };
		CEBA4DB82B8EE387006F078A /* HomeView.swift in Sources */ = {isa = PBXBuildFile; fileRef = CEBA4DAF2B8EE387006F078A /* HomeView.swift */; };
		CEBA4DB92B8EE387006F078A /* MockHomeService.swift in Sources */ = {isa = PBXBuildFile; fileRef = CEBA4DB12B8EE387006F078A /* MockHomeService.swift */; };
		CEBA4DBA2B8EE387006F078A /* HomeServiceProtocol.swift in Sources */ = {isa = PBXBuildFile; fileRef = CEBA4DB22B8EE387006F078A /* HomeServiceProtocol.swift */; };
		CEBA4DBB2B8EE387006F078A /* HomeService.swift in Sources */ = {isa = PBXBuildFile; fileRef = CEBA4DB32B8EE387006F078A /* HomeService.swift */; };
		CEBA4DBC2B8EE387006F078A /* HomeApi.swift in Sources */ = {isa = PBXBuildFile; fileRef = CEBA4DB42B8EE387006F078A /* HomeApi.swift */; };
		CEBA4DBE2B8EE429006F078A /* TabBarView.swift in Sources */ = {isa = PBXBuildFile; fileRef = CEBA4DBD2B8EE429006F078A /* TabBarView.swift */; };
		CEBA4DC42B8EE4D4006F078A /* ProfileView.swift in Sources */ = {isa = PBXBuildFile; fileRef = CEBA4DC22B8EE4D4006F078A /* ProfileView.swift */; };
		CEBEFA2D2B92C0A6009A6DB0 /* UIImage+extension.swift in Sources */ = {isa = PBXBuildFile; fileRef = CEBEFA2C2B92C0A6009A6DB0 /* UIImage+extension.swift */; };
		CEBEFA302B930EE3009A6DB0 /* LocationManager.swift in Sources */ = {isa = PBXBuildFile; fileRef = CEBEFA2F2B930EE3009A6DB0 /* LocationManager.swift */; };
		CEBEFA322B932382009A6DB0 /* LocationService.swift in Sources */ = {isa = PBXBuildFile; fileRef = CEBEFA312B932382009A6DB0 /* LocationService.swift */; };
		CEBEFA342B932F56009A6DB0 /* MapSearchManager.swift in Sources */ = {isa = PBXBuildFile; fileRef = CEBEFA332B932F56009A6DB0 /* MapSearchManager.swift */; };
		CEBEFA362B933B10009A6DB0 /* String+extension.swift in Sources */ = {isa = PBXBuildFile; fileRef = CEBEFA352B933B10009A6DB0 /* String+extension.swift */; };
		CEBEFA3C2B947FA1009A6DB0 /* UserDefaultsManager.swift in Sources */ = {isa = PBXBuildFile; fileRef = CEBEFA3B2B947FA1009A6DB0 /* UserDefaultsManager.swift */; };
		CEBEFA3F2B948097009A6DB0 /* UserDefaultsKey.swift in Sources */ = {isa = PBXBuildFile; fileRef = CEBEFA3E2B948097009A6DB0 /* UserDefaultsKey.swift */; };
		CEBEFA412B948A6D009A6DB0 /* District.swift in Sources */ = {isa = PBXBuildFile; fileRef = CEBEFA402B948A6D009A6DB0 /* District.swift */; };
		CEBEFA452B94B971009A6DB0 /* CityDataManager.swift in Sources */ = {isa = PBXBuildFile; fileRef = CEBEFA442B94B971009A6DB0 /* CityDataManager.swift */; };
		CEBEFA472B956704009A6DB0 /* CommunitySearchView.swift in Sources */ = {isa = PBXBuildFile; fileRef = CEBEFA462B956704009A6DB0 /* CommunitySearchView.swift */; };
		CEBEFA492B9572DB009A6DB0 /* RowViewStyle1.swift in Sources */ = {isa = PBXBuildFile; fileRef = CEBEFA482B9572DB009A6DB0 /* RowViewStyle1.swift */; };
		CEBEFA4B2B95751A009A6DB0 /* HouseInfoViewModel.swift in Sources */ = {isa = PBXBuildFile; fileRef = CEBEFA4A2B95751A009A6DB0 /* HouseInfoViewModel.swift */; };
		CEBEFA4F2B9584BC009A6DB0 /* CitySearchView.swift in Sources */ = {isa = PBXBuildFile; fileRef = CEBEFA4E2B9584BC009A6DB0 /* CitySearchView.swift */; };
		CEBEFA512B95858B009A6DB0 /* SearchApi.swift in Sources */ = {isa = PBXBuildFile; fileRef = CEBEFA502B95858B009A6DB0 /* SearchApi.swift */; };
		CEBEFA532B95865B009A6DB0 /* SearchServiceProtocol.swift in Sources */ = {isa = PBXBuildFile; fileRef = CEBEFA522B95865B009A6DB0 /* SearchServiceProtocol.swift */; };
		CEBEFA552B958666009A6DB0 /* SearchService.swift in Sources */ = {isa = PBXBuildFile; fileRef = CEBEFA542B958666009A6DB0 /* SearchService.swift */; };
		CEBEFA572B958680009A6DB0 /* MockSearchService.swift in Sources */ = {isa = PBXBuildFile; fileRef = CEBEFA562B958680009A6DB0 /* MockSearchService.swift */; };
		CEBEFA592B9587D0009A6DB0 /* CitySearchViewModel.swift in Sources */ = {isa = PBXBuildFile; fileRef = CEBEFA582B9587D0009A6DB0 /* CitySearchViewModel.swift */; };
		CEBEFA5C2B95AFB5009A6DB0 /* DragToDismissModifier.swift in Sources */ = {isa = PBXBuildFile; fileRef = CEBEFA5B2B95AFB5009A6DB0 /* DragToDismissModifier.swift */; };
		CEBEFA5E2B95AFE1009A6DB0 /* View+extension.swift in Sources */ = {isa = PBXBuildFile; fileRef = CEBEFA5D2B95AFE1009A6DB0 /* View+extension.swift */; };
		CEBEFA602B9602B3009A6DB0 /* KeyboardResponder.swift in Sources */ = {isa = PBXBuildFile; fileRef = CEBEFA5F2B9602B2009A6DB0 /* KeyboardResponder.swift */; };
		CEBEFA622B96B3C1009A6DB0 /* Color+extension.swift in Sources */ = {isa = PBXBuildFile; fileRef = CEBEFA612B96B3C1009A6DB0 /* Color+extension.swift */; };
		CEBEFA642B96C8BC009A6DB0 /* PhotoPicker.swift in Sources */ = {isa = PBXBuildFile; fileRef = CEBEFA632B96C8BC009A6DB0 /* PhotoPicker.swift */; };
		CEBEFA662B96E62B009A6DB0 /* PhotoGridView.swift in Sources */ = {isa = PBXBuildFile; fileRef = CEBEFA652B96E62B009A6DB0 /* PhotoGridView.swift */; };
		CEBEFA6A2B97065D009A6DB0 /* SKPhotoBrowser in Frameworks */ = {isa = PBXBuildFile; productRef = CEBEFA692B97065D009A6DB0 /* SKPhotoBrowser */; };
		CEBEFA6D2B970696009A6DB0 /* SKPhotoBrowserRepresentable.swift in Sources */ = {isa = PBXBuildFile; fileRef = CEBEFA6C2B970696009A6DB0 /* SKPhotoBrowserRepresentable.swift */; };
		CEBEFA6F2B974E5C009A6DB0 /* ToastManager.swift in Sources */ = {isa = PBXBuildFile; fileRef = CEBEFA6E2B974E5C009A6DB0 /* ToastManager.swift */; };
		CEBEFA712B9837FB009A6DB0 /* Test.swift in Sources */ = {isa = PBXBuildFile; fileRef = CEBEFA702B9837FB009A6DB0 /* Test.swift */; };
		CEBEFA732B9855AD009A6DB0 /* ImagePickerRepresentable.swift in Sources */ = {isa = PBXBuildFile; fileRef = CEBEFA722B9855AD009A6DB0 /* ImagePickerRepresentable.swift */; };
		CEBEFA762B985664009A6DB0 /* BSImagePicker in Frameworks */ = {isa = PBXBuildFile; productRef = CEBEFA752B985664009A6DB0 /* BSImagePicker */; };
		CEBEFA782B996A8F009A6DB0 /* MyHousesView.swift in Sources */ = {isa = PBXBuildFile; fileRef = CEBEFA772B996A8F009A6DB0 /* MyHousesView.swift */; };
		CEBEFA7A2B996F28009A6DB0 /* ContentView2.swift in Sources */ = {isa = PBXBuildFile; fileRef = CEBEFA792B996F28009A6DB0 /* ContentView2.swift */; };
		CEBEFA7C2B998F8E009A6DB0 /* UIApplication+extension.swift in Sources */ = {isa = PBXBuildFile; fileRef = CEBEFA7B2B998F8E009A6DB0 /* UIApplication+extension.swift */; };
		CEBEFA7E2B9993CE009A6DB0 /* UploadStateManager.swift in Sources */ = {isa = PBXBuildFile; fileRef = CEBEFA7D2B9993CE009A6DB0 /* UploadStateManager.swift */; };
		CEBEFA802B99BCE8009A6DB0 /* CacheConfig.swift in Sources */ = {isa = PBXBuildFile; fileRef = CEBEFA7F2B99BCE8009A6DB0 /* CacheConfig.swift */; };
		CEBEFA822B9A0F83009A6DB0 /* ImageConfig.swift in Sources */ = {isa = PBXBuildFile; fileRef = CEBEFA812B9A0F83009A6DB0 /* ImageConfig.swift */; };
		CECB72E42B9F08AE006A523A /* EqualVStack.swift in Sources */ = {isa = PBXBuildFile; fileRef = CECB72DF2B9F08AE006A523A /* EqualVStack.swift */; };
		CECB72E52B9F08AE006A523A /* EqualHStack.swift in Sources */ = {isa = PBXBuildFile; fileRef = CECB72E02B9F08AE006A523A /* EqualHStack.swift */; };
		CECB72E62B9F08AE006A523A /* CompressingHStack.swift in Sources */ = {isa = PBXBuildFile; fileRef = CECB72E12B9F08AE006A523A /* CompressingHStack.swift */; };
		CECB72E72B9F08AE006A523A /* VerticalWaterfallLayout.swift in Sources */ = {isa = PBXBuildFile; fileRef = CECB72E22B9F08AE006A523A /* VerticalWaterfallLayout.swift */; };
		CECB72E82B9F08AE006A523A /* FlowLayout.swift in Sources */ = {isa = PBXBuildFile; fileRef = CECB72E32B9F08AE006A523A /* FlowLayout.swift */; };
		CECB72EF2B9F3CDE006A523A /* Binding+extension.swift in Sources */ = {isa = PBXBuildFile; fileRef = CECB72EE2B9F3CDE006A523A /* Binding+extension.swift */; };
		CECB72F52BA05435006A523A /* Drops in Frameworks */ = {isa = PBXBuildFile; productRef = CECB72F42BA05435006A523A /* Drops */; };
		CECB72FB2BA0A6F0006A523A /* PopupView in Frameworks */ = {isa = PBXBuildFile; productRef = CECB72FA2BA0A6F0006A523A /* PopupView */; };
		CECB73012BA13F7E006A523A /* ProgressHandler.swift in Sources */ = {isa = PBXBuildFile; fileRef = CECB73002BA13F7E006A523A /* ProgressHandler.swift */; };
		CECB73032BA13FD2006A523A /* ProgressViewOverlay.swift in Sources */ = {isa = PBXBuildFile; fileRef = CECB73022BA13FD2006A523A /* ProgressViewOverlay.swift */; };
		CECB73052BA159DD006A523A /* UploadStatusView.swift in Sources */ = {isa = PBXBuildFile; fileRef = CECB73042BA159DD006A523A /* UploadStatusView.swift */; };
		CECB73082BA27DF6006A523A /* CircleView.swift in Sources */ = {isa = PBXBuildFile; fileRef = CECB73072BA27DF6006A523A /* CircleView.swift */; };
		CECB730A2BA27EE1006A523A /* MagicProgressView.swift in Sources */ = {isa = PBXBuildFile; fileRef = CECB73092BA27EE1006A523A /* MagicProgressView.swift */; };
		CECB730C2BA27FD6006A523A /* DefaultSectorView.swift in Sources */ = {isa = PBXBuildFile; fileRef = CECB730B2BA27FD6006A523A /* DefaultSectorView.swift */; };
		CECB730F2BA28C2A006A523A /* ActivityIndicatorView in Frameworks */ = {isa = PBXBuildFile; productRef = CECB730E2BA28C2A006A523A /* ActivityIndicatorView */; };
		CECB73112BA2A575006A523A /* AppDelegate.swift in Sources */ = {isa = PBXBuildFile; fileRef = CECB73102BA2A575006A523A /* AppDelegate.swift */; };
		CECB73152BA2A83A006A523A /* UIResponder+Current.swift in Sources */ = {isa = PBXBuildFile; fileRef = CECB73142BA2A83A006A523A /* UIResponder+Current.swift */; };
		CECB73172BA2A861006A523A /* KeyboardHeightPublisher.swift in Sources */ = {isa = PBXBuildFile; fileRef = CECB73162BA2A861006A523A /* KeyboardHeightPublisher.swift */; };
		CECB73192BA2A890006A523A /* KeyboardAdaptive.swift in Sources */ = {isa = PBXBuildFile; fileRef = CECB73182BA2A890006A523A /* KeyboardAdaptive.swift */; };
		CEE9141F2B9D598800ADDB62 /* HeicFormatConvert.swift in Sources */ = {isa = PBXBuildFile; fileRef = CEE9141E2B9D598800ADDB62 /* HeicFormatConvert.swift */; };
		CEF6B6562B661D16006CE0F1 /* HouseUploadViewModel.swift in Sources */ = {isa = PBXBuildFile; fileRef = CEF6B6552B661D16006CE0F1 /* HouseUploadViewModel.swift */; };
		CEF6B65D2B663127006CE0F1 /* UploadView.swift in Sources */ = {isa = PBXBuildFile; fileRef = CEF6B65C2B663127006CE0F1 /* UploadView.swift */; };
		CEF6B6622B663B23006CE0F1 /* LoginViewModel.swift in Sources */ = {isa = PBXBuildFile; fileRef = CEF6B6612B663B23006CE0F1 /* LoginViewModel.swift */; };
		CEF6B6652B664553006CE0F1 /* User.swift in Sources */ = {isa = PBXBuildFile; fileRef = CEF6B6642B664553006CE0F1 /* User.swift */; };
		CEF6B6672B6648F4006CE0F1 /* LoginView.swift in Sources */ = {isa = PBXBuildFile; fileRef = CEF6B6662B6648F4006CE0F1 /* LoginView.swift */; };
/* End PBXBuildFile section */

/* Begin PBXContainerItemProxy section */
		CE42F61C2B64A23400124E92 /* PBXContainerItemProxy */ = {
			isa = PBXContainerItemProxy;
			containerPortal = CE42F5FD2B64A23200124E92 /* Project object */;
			proxyType = 1;
			remoteGlobalIDString = CE42F6042B64A23200124E92;
			remoteInfo = RentHouse;
		};
		CE42F6262B64A23400124E92 /* PBXContainerItemProxy */ = {
			isa = PBXContainerItemProxy;
			containerPortal = CE42F5FD2B64A23200124E92 /* Project object */;
			proxyType = 1;
			remoteGlobalIDString = CE42F6042B64A23200124E92;
			remoteInfo = RentHouse;
		};
/* End PBXContainerItemProxy section */

/* Begin PBXFileReference section */
		CE34ED092B917DC000C0789F /* HouseApi.swift */ = {isa = PBXFileReference; lastKnownFileType = sourcecode.swift; path = HouseApi.swift; sourceTree = "<group>"; };
		CE34ED0B2B917DD800C0789F /* HouseServiceProtocol.swift */ = {isa = PBXFileReference; lastKnownFileType = sourcecode.swift; path = HouseServiceProtocol.swift; sourceTree = "<group>"; };
		CE34ED0D2B917DE300C0789F /* HouseService.swift */ = {isa = PBXFileReference; lastKnownFileType = sourcecode.swift; path = HouseService.swift; sourceTree = "<group>"; };
		CE34ED0F2B917DEE00C0789F /* MockHouseService.swift */ = {isa = PBXFileReference; lastKnownFileType = sourcecode.swift; path = MockHouseService.swift; sourceTree = "<group>"; };
		CE42F6052B64A23200124E92 /* RentHouse.app */ = {isa = PBXFileReference; explicitFileType = wrapper.application; includeInIndex = 0; path = RentHouse.app; sourceTree = BUILT_PRODUCTS_DIR; };
		CE42F6082B64A23200124E92 /* RentHouseApp.swift */ = {isa = PBXFileReference; lastKnownFileType = sourcecode.swift; path = RentHouseApp.swift; sourceTree = "<group>"; };
		CE42F60A2B64A23200124E92 /* Persistence.swift */ = {isa = PBXFileReference; lastKnownFileType = sourcecode.swift; path = Persistence.swift; sourceTree = "<group>"; };
		CE42F60D2B64A23200124E92 /* RentHouse.xcdatamodel */ = {isa = PBXFileReference; lastKnownFileType = wrapper.xcdatamodel; path = RentHouse.xcdatamodel; sourceTree = "<group>"; };
		CE42F60F2B64A23200124E92 /* ContentView.swift */ = {isa = PBXFileReference; lastKnownFileType = sourcecode.swift; path = ContentView.swift; sourceTree = "<group>"; };
		CE42F6112B64A23400124E92 /* Assets.xcassets */ = {isa = PBXFileReference; lastKnownFileType = folder.assetcatalog; path = Assets.xcassets; sourceTree = "<group>"; };
		CE42F6132B64A23400124E92 /* RentHouse.entitlements */ = {isa = PBXFileReference; lastKnownFileType = text.plist.entitlements; path = RentHouse.entitlements; sourceTree = "<group>"; };
		CE42F6152B64A23400124E92 /* Preview Assets.xcassets */ = {isa = PBXFileReference; lastKnownFileType = folder.assetcatalog; path = "Preview Assets.xcassets"; sourceTree = "<group>"; };
		CE42F61B2B64A23400124E92 /* RentHouseTests.xctest */ = {isa = PBXFileReference; explicitFileType = wrapper.cfbundle; includeInIndex = 0; path = RentHouseTests.xctest; sourceTree = BUILT_PRODUCTS_DIR; };
		CE42F61F2B64A23400124E92 /* RentHouseTests.swift */ = {isa = PBXFileReference; lastKnownFileType = sourcecode.swift; path = RentHouseTests.swift; sourceTree = "<group>"; };
		CE42F6252B64A23400124E92 /* RentHouseUITests.xctest */ = {isa = PBXFileReference; explicitFileType = wrapper.cfbundle; includeInIndex = 0; path = RentHouseUITests.xctest; sourceTree = BUILT_PRODUCTS_DIR; };
		CE42F6292B64A23400124E92 /* RentHouseUITests.swift */ = {isa = PBXFileReference; lastKnownFileType = sourcecode.swift; path = RentHouseUITests.swift; sourceTree = "<group>"; };
		CE42F62B2B64A23400124E92 /* RentHouseUITestsLaunchTests.swift */ = {isa = PBXFileReference; lastKnownFileType = sourcecode.swift; path = RentHouseUITestsLaunchTests.swift; sourceTree = "<group>"; };
		CE42F6732B64F89000124E92 /* NetworkManager.swift */ = {isa = PBXFileReference; lastKnownFileType = sourcecode.swift; path = NetworkManager.swift; sourceTree = "<group>"; };
		CE42F6772B65103000124E92 /* HouseRouter.swift */ = {isa = PBXFileReference; lastKnownFileType = sourcecode.swift; path = HouseRouter.swift; sourceTree = "<group>"; };
		CE42F6792B65104C00124E92 /* AuthAPI.swift */ = {isa = PBXFileReference; lastKnownFileType = sourcecode.swift; path = AuthAPI.swift; sourceTree = "<group>"; };
		CE42F67B2B65106400124E92 /* RequestBuilder.swift */ = {isa = PBXFileReference; lastKnownFileType = sourcecode.swift; path = RequestBuilder.swift; sourceTree = "<group>"; };
		CE42F67D2B6510D300124E92 /* ParameterEncoder.swift */ = {isa = PBXFileReference; lastKnownFileType = sourcecode.swift; path = ParameterEncoder.swift; sourceTree = "<group>"; };
		CE42F67F2B65134200124E92 /* APIRouterProtocol.swift */ = {isa = PBXFileReference; lastKnownFileType = sourcecode.swift; path = APIRouterProtocol.swift; sourceTree = "<group>"; };
		CE56BC6C2BA2E6DD009168CC /* GridTagsView.swift */ = {isa = PBXFileReference; lastKnownFileType = sourcecode.swift; path = GridTagsView.swift; sourceTree = "<group>"; };
		CE56BC6E2BA2FAF3009168CC /* FlowLayoutGridView.swift */ = {isa = PBXFileReference; lastKnownFileType = sourcecode.swift; path = FlowLayoutGridView.swift; sourceTree = "<group>"; };
		CE56BC702BA32D56009168CC /* MultiFlowLayoutGridView.swift */ = {isa = PBXFileReference; lastKnownFileType = sourcecode.swift; path = MultiFlowLayoutGridView.swift; sourceTree = "<group>"; };
		CEBA4DAA2B8EE387006F078A /* HomeViewModel.swift */ = {isa = PBXFileReference; fileEncoding = 4; lastKnownFileType = sourcecode.swift; path = HomeViewModel.swift; sourceTree = "<group>"; };
		CEBA4DAC2B8EE387006F078A /* House.swift */ = {isa = PBXFileReference; fileEncoding = 4; lastKnownFileType = sourcecode.swift; path = House.swift; sourceTree = "<group>"; };
		CEBA4DAE2B8EE387006F078A /* HouseDetailView.swift */ = {isa = PBXFileReference; fileEncoding = 4; lastKnownFileType = sourcecode.swift; path = HouseDetailView.swift; sourceTree = "<group>"; };
		CEBA4DAF2B8EE387006F078A /* HomeView.swift */ = {isa = PBXFileReference; fileEncoding = 4; lastKnownFileType = sourcecode.swift; path = HomeView.swift; sourceTree = "<group>"; };
		CEBA4DB12B8EE387006F078A /* MockHomeService.swift */ = {isa = PBXFileReference; fileEncoding = 4; lastKnownFileType = sourcecode.swift; path = MockHomeService.swift; sourceTree = "<group>"; };
		CEBA4DB22B8EE387006F078A /* HomeServiceProtocol.swift */ = {isa = PBXFileReference; fileEncoding = 4; lastKnownFileType = sourcecode.swift; path = HomeServiceProtocol.swift; sourceTree = "<group>"; };
		CEBA4DB32B8EE387006F078A /* HomeService.swift */ = {isa = PBXFileReference; fileEncoding = 4; lastKnownFileType = sourcecode.swift; path = HomeService.swift; sourceTree = "<group>"; };
		CEBA4DB42B8EE387006F078A /* HomeApi.swift */ = {isa = PBXFileReference; fileEncoding = 4; lastKnownFileType = sourcecode.swift; path = HomeApi.swift; sourceTree = "<group>"; };
		CEBA4DBD2B8EE429006F078A /* TabBarView.swift */ = {isa = PBXFileReference; fileEncoding = 4; lastKnownFileType = sourcecode.swift; path = TabBarView.swift; sourceTree = "<group>"; };
		CEBA4DC22B8EE4D4006F078A /* ProfileView.swift */ = {isa = PBXFileReference; fileEncoding = 4; lastKnownFileType = sourcecode.swift; path = ProfileView.swift; sourceTree = "<group>"; };
		CEBA4DC52B8F0283006F078A /* Info.plist */ = {isa = PBXFileReference; lastKnownFileType = text.plist; path = Info.plist; sourceTree = "<group>"; };
		CEBEFA2C2B92C0A6009A6DB0 /* UIImage+extension.swift */ = {isa = PBXFileReference; lastKnownFileType = sourcecode.swift; path = "UIImage+extension.swift"; sourceTree = "<group>"; };
		CEBEFA2F2B930EE3009A6DB0 /* LocationManager.swift */ = {isa = PBXFileReference; lastKnownFileType = sourcecode.swift; path = LocationManager.swift; sourceTree = "<group>"; };
		CEBEFA312B932382009A6DB0 /* LocationService.swift */ = {isa = PBXFileReference; lastKnownFileType = sourcecode.swift; path = LocationService.swift; sourceTree = "<group>"; };
		CEBEFA332B932F56009A6DB0 /* MapSearchManager.swift */ = {isa = PBXFileReference; lastKnownFileType = sourcecode.swift; path = MapSearchManager.swift; sourceTree = "<group>"; };
		CEBEFA352B933B10009A6DB0 /* String+extension.swift */ = {isa = PBXFileReference; lastKnownFileType = sourcecode.swift; path = "String+extension.swift"; sourceTree = "<group>"; };
		CEBEFA3B2B947FA1009A6DB0 /* UserDefaultsManager.swift */ = {isa = PBXFileReference; lastKnownFileType = sourcecode.swift; path = UserDefaultsManager.swift; sourceTree = "<group>"; };
		CEBEFA3E2B948097009A6DB0 /* UserDefaultsKey.swift */ = {isa = PBXFileReference; lastKnownFileType = sourcecode.swift; path = UserDefaultsKey.swift; sourceTree = "<group>"; };
		CEBEFA402B948A6D009A6DB0 /* District.swift */ = {isa = PBXFileReference; lastKnownFileType = sourcecode.swift; path = District.swift; sourceTree = "<group>"; };
		CEBEFA442B94B971009A6DB0 /* CityDataManager.swift */ = {isa = PBXFileReference; lastKnownFileType = sourcecode.swift; path = CityDataManager.swift; sourceTree = "<group>"; };
		CEBEFA462B956704009A6DB0 /* CommunitySearchView.swift */ = {isa = PBXFileReference; lastKnownFileType = sourcecode.swift; path = CommunitySearchView.swift; sourceTree = "<group>"; };
		CEBEFA482B9572DB009A6DB0 /* RowViewStyle1.swift */ = {isa = PBXFileReference; lastKnownFileType = sourcecode.swift; path = RowViewStyle1.swift; sourceTree = "<group>"; };
		CEBEFA4A2B95751A009A6DB0 /* HouseInfoViewModel.swift */ = {isa = PBXFileReference; lastKnownFileType = sourcecode.swift; path = HouseInfoViewModel.swift; sourceTree = "<group>"; };
		CEBEFA4E2B9584BC009A6DB0 /* CitySearchView.swift */ = {isa = PBXFileReference; lastKnownFileType = sourcecode.swift; path = CitySearchView.swift; sourceTree = "<group>"; };
		CEBEFA502B95858B009A6DB0 /* SearchApi.swift */ = {isa = PBXFileReference; lastKnownFileType = sourcecode.swift; path = SearchApi.swift; sourceTree = "<group>"; };
		CEBEFA522B95865B009A6DB0 /* SearchServiceProtocol.swift */ = {isa = PBXFileReference; lastKnownFileType = sourcecode.swift; path = SearchServiceProtocol.swift; sourceTree = "<group>"; };
		CEBEFA542B958666009A6DB0 /* SearchService.swift */ = {isa = PBXFileReference; lastKnownFileType = sourcecode.swift; path = SearchService.swift; sourceTree = "<group>"; };
		CEBEFA562B958680009A6DB0 /* MockSearchService.swift */ = {isa = PBXFileReference; lastKnownFileType = sourcecode.swift; path = MockSearchService.swift; sourceTree = "<group>"; };
		CEBEFA582B9587D0009A6DB0 /* CitySearchViewModel.swift */ = {isa = PBXFileReference; lastKnownFileType = sourcecode.swift; path = CitySearchViewModel.swift; sourceTree = "<group>"; };
		CEBEFA5B2B95AFB5009A6DB0 /* DragToDismissModifier.swift */ = {isa = PBXFileReference; lastKnownFileType = sourcecode.swift; path = DragToDismissModifier.swift; sourceTree = "<group>"; };
		CEBEFA5D2B95AFE1009A6DB0 /* View+extension.swift */ = {isa = PBXFileReference; lastKnownFileType = sourcecode.swift; path = "View+extension.swift"; sourceTree = "<group>"; };
		CEBEFA5F2B9602B2009A6DB0 /* KeyboardResponder.swift */ = {isa = PBXFileReference; lastKnownFileType = sourcecode.swift; path = KeyboardResponder.swift; sourceTree = "<group>"; };
		CEBEFA612B96B3C1009A6DB0 /* Color+extension.swift */ = {isa = PBXFileReference; lastKnownFileType = sourcecode.swift; path = "Color+extension.swift"; sourceTree = "<group>"; };
		CEBEFA632B96C8BC009A6DB0 /* PhotoPicker.swift */ = {isa = PBXFileReference; lastKnownFileType = sourcecode.swift; path = PhotoPicker.swift; sourceTree = "<group>"; };
		CEBEFA652B96E62B009A6DB0 /* PhotoGridView.swift */ = {isa = PBXFileReference; lastKnownFileType = sourcecode.swift; path = PhotoGridView.swift; sourceTree = "<group>"; };
		CEBEFA6C2B970696009A6DB0 /* SKPhotoBrowserRepresentable.swift */ = {isa = PBXFileReference; lastKnownFileType = sourcecode.swift; path = SKPhotoBrowserRepresentable.swift; sourceTree = "<group>"; };
		CEBEFA6E2B974E5C009A6DB0 /* ToastManager.swift */ = {isa = PBXFileReference; lastKnownFileType = sourcecode.swift; path = ToastManager.swift; sourceTree = "<group>"; };
		CEBEFA702B9837FB009A6DB0 /* Test.swift */ = {isa = PBXFileReference; lastKnownFileType = sourcecode.swift; path = Test.swift; sourceTree = "<group>"; };
		CEBEFA722B9855AD009A6DB0 /* ImagePickerRepresentable.swift */ = {isa = PBXFileReference; lastKnownFileType = sourcecode.swift; path = ImagePickerRepresentable.swift; sourceTree = "<group>"; };
		CEBEFA772B996A8F009A6DB0 /* MyHousesView.swift */ = {isa = PBXFileReference; lastKnownFileType = sourcecode.swift; path = MyHousesView.swift; sourceTree = "<group>"; };
		CEBEFA792B996F28009A6DB0 /* ContentView2.swift */ = {isa = PBXFileReference; lastKnownFileType = sourcecode.swift; path = ContentView2.swift; sourceTree = "<group>"; };
		CEBEFA7B2B998F8E009A6DB0 /* UIApplication+extension.swift */ = {isa = PBXFileReference; lastKnownFileType = sourcecode.swift; path = "UIApplication+extension.swift"; sourceTree = "<group>"; };
		CEBEFA7D2B9993CE009A6DB0 /* UploadStateManager.swift */ = {isa = PBXFileReference; lastKnownFileType = sourcecode.swift; path = UploadStateManager.swift; sourceTree = "<group>"; };
		CEBEFA7F2B99BCE8009A6DB0 /* CacheConfig.swift */ = {isa = PBXFileReference; lastKnownFileType = sourcecode.swift; path = CacheConfig.swift; sourceTree = "<group>"; };
		CEBEFA812B9A0F83009A6DB0 /* ImageConfig.swift */ = {isa = PBXFileReference; lastKnownFileType = sourcecode.swift; path = ImageConfig.swift; sourceTree = "<group>"; };
		CECB72DF2B9F08AE006A523A /* EqualVStack.swift */ = {isa = PBXFileReference; fileEncoding = 4; lastKnownFileType = sourcecode.swift; path = EqualVStack.swift; sourceTree = "<group>"; };
		CECB72E02B9F08AE006A523A /* EqualHStack.swift */ = {isa = PBXFileReference; fileEncoding = 4; lastKnownFileType = sourcecode.swift; path = EqualHStack.swift; sourceTree = "<group>"; };
		CECB72E12B9F08AE006A523A /* CompressingHStack.swift */ = {isa = PBXFileReference; fileEncoding = 4; lastKnownFileType = sourcecode.swift; path = CompressingHStack.swift; sourceTree = "<group>"; };
		CECB72E22B9F08AE006A523A /* VerticalWaterfallLayout.swift */ = {isa = PBXFileReference; fileEncoding = 4; lastKnownFileType = sourcecode.swift; path = VerticalWaterfallLayout.swift; sourceTree = "<group>"; };
		CECB72E32B9F08AE006A523A /* FlowLayout.swift */ = {isa = PBXFileReference; fileEncoding = 4; lastKnownFileType = sourcecode.swift; path = FlowLayout.swift; sourceTree = "<group>"; };
		CECB72EE2B9F3CDE006A523A /* Binding+extension.swift */ = {isa = PBXFileReference; lastKnownFileType = sourcecode.swift; path = "Binding+extension.swift"; sourceTree = "<group>"; };
		CECB73002BA13F7E006A523A /* ProgressHandler.swift */ = {isa = PBXFileReference; lastKnownFileType = sourcecode.swift; path = ProgressHandler.swift; sourceTree = "<group>"; };
		CECB73022BA13FD2006A523A /* ProgressViewOverlay.swift */ = {isa = PBXFileReference; lastKnownFileType = sourcecode.swift; path = ProgressViewOverlay.swift; sourceTree = "<group>"; };
		CECB73042BA159DD006A523A /* UploadStatusView.swift */ = {isa = PBXFileReference; lastKnownFileType = sourcecode.swift; path = UploadStatusView.swift; sourceTree = "<group>"; };
		CECB73072BA27DF6006A523A /* CircleView.swift */ = {isa = PBXFileReference; lastKnownFileType = sourcecode.swift; path = CircleView.swift; sourceTree = "<group>"; };
		CECB73092BA27EE1006A523A /* MagicProgressView.swift */ = {isa = PBXFileReference; lastKnownFileType = sourcecode.swift; path = MagicProgressView.swift; sourceTree = "<group>"; };
		CECB730B2BA27FD6006A523A /* DefaultSectorView.swift */ = {isa = PBXFileReference; lastKnownFileType = sourcecode.swift; path = DefaultSectorView.swift; sourceTree = "<group>"; };
		CECB73102BA2A575006A523A /* AppDelegate.swift */ = {isa = PBXFileReference; lastKnownFileType = sourcecode.swift; path = AppDelegate.swift; sourceTree = "<group>"; };
		CECB73142BA2A83A006A523A /* UIResponder+Current.swift */ = {isa = PBXFileReference; lastKnownFileType = sourcecode.swift; path = "UIResponder+Current.swift"; sourceTree = "<group>"; };
		CECB73162BA2A861006A523A /* KeyboardHeightPublisher.swift */ = {isa = PBXFileReference; lastKnownFileType = sourcecode.swift; path = KeyboardHeightPublisher.swift; sourceTree = "<group>"; };
		CECB73182BA2A890006A523A /* KeyboardAdaptive.swift */ = {isa = PBXFileReference; lastKnownFileType = sourcecode.swift; path = KeyboardAdaptive.swift; sourceTree = "<group>"; };
		CEE9141E2B9D598800ADDB62 /* HeicFormatConvert.swift */ = {isa = PBXFileReference; lastKnownFileType = sourcecode.swift; path = HeicFormatConvert.swift; sourceTree = "<group>"; };
		CEF6B6552B661D16006CE0F1 /* HouseUploadViewModel.swift */ = {isa = PBXFileReference; lastKnownFileType = sourcecode.swift; path = HouseUploadViewModel.swift; sourceTree = "<group>"; };
		CEF6B65C2B663127006CE0F1 /* UploadView.swift */ = {isa = PBXFileReference; lastKnownFileType = sourcecode.swift; path = UploadView.swift; sourceTree = "<group>"; };
		CEF6B6612B663B23006CE0F1 /* LoginViewModel.swift */ = {isa = PBXFileReference; lastKnownFileType = sourcecode.swift; path = LoginViewModel.swift; sourceTree = "<group>"; };
		CEF6B6642B664553006CE0F1 /* User.swift */ = {isa = PBXFileReference; lastKnownFileType = sourcecode.swift; path = User.swift; sourceTree = "<group>"; };
		CEF6B6662B6648F4006CE0F1 /* LoginView.swift */ = {isa = PBXFileReference; lastKnownFileType = sourcecode.swift; path = LoginView.swift; sourceTree = "<group>"; };
/* End PBXFileReference section */

/* Begin PBXFrameworksBuildPhase section */
		CE42F6022B64A23200124E92 /* Frameworks */ = {
			isa = PBXFrameworksBuildPhase;
			buildActionMask = 2147483647;
			files = (
				CECB72FB2BA0A6F0006A523A /* PopupView in Frameworks */,
				CECB730F2BA28C2A006A523A /* ActivityIndicatorView in Frameworks */,
				CE8005652B91748D00E1D683 /* Kingfisher in Frameworks */,
				CEBEFA6A2B97065D009A6DB0 /* SKPhotoBrowser in Frameworks */,
				CECB72F52BA05435006A523A /* Drops in Frameworks */,
				CE42F6722B64EA1B00124E92 /* Alamofire in Frameworks */,
				CEBEFA762B985664009A6DB0 /* BSImagePicker in Frameworks */,
			);
			runOnlyForDeploymentPostprocessing = 0;
		};
		CE42F6182B64A23400124E92 /* Frameworks */ = {
			isa = PBXFrameworksBuildPhase;
			buildActionMask = 2147483647;
			files = (
			);
			runOnlyForDeploymentPostprocessing = 0;
		};
		CE42F6222B64A23400124E92 /* Frameworks */ = {
			isa = PBXFrameworksBuildPhase;
			buildActionMask = 2147483647;
			files = (
			);
			runOnlyForDeploymentPostprocessing = 0;
		};
/* End PBXFrameworksBuildPhase section */

/* Begin PBXGroup section */
		CE34ED082B917DA800C0789F /* Api */ = {
			isa = PBXGroup;
			children = (
				CE34ED092B917DC000C0789F /* HouseApi.swift */,
				CE34ED0D2B917DE300C0789F /* HouseService.swift */,
				CE34ED0B2B917DD800C0789F /* HouseServiceProtocol.swift */,
				CE34ED0F2B917DEE00C0789F /* MockHouseService.swift */,
			);
			path = Api;
			sourceTree = "<group>";
		};
		CE3524532B8F319F0068E9C7 /* SearchView */ = {
			isa = PBXGroup;
			children = (
				CE3524562B8F319F0068E9C7 /* View */,
				CE3524542B8F319F0068E9C7 /* ViewModel */,
				CE3524552B8F319F0068E9C7 /* Model */,
				CE3524572B8F319F0068E9C7 /* Api */,
			);
			path = SearchView;
			sourceTree = "<group>";
		};
		CE3524542B8F319F0068E9C7 /* ViewModel */ = {
			isa = PBXGroup;
			children = (
				CEBEFA582B9587D0009A6DB0 /* CitySearchViewModel.swift */,
			);
			path = ViewModel;
			sourceTree = "<group>";
		};
		CE3524552B8F319F0068E9C7 /* Model */ = {
			isa = PBXGroup;
			children = (
				CEBEFA402B948A6D009A6DB0 /* District.swift */,
			);
			path = Model;
			sourceTree = "<group>";
		};
		CE3524562B8F319F0068E9C7 /* View */ = {
			isa = PBXGroup;
			children = (
				CEBEFA462B956704009A6DB0 /* CommunitySearchView.swift */,
				CEBEFA4E2B9584BC009A6DB0 /* CitySearchView.swift */,
			);
			path = View;
			sourceTree = "<group>";
		};
		CE3524572B8F319F0068E9C7 /* Api */ = {
			isa = PBXGroup;
			children = (
				CEBEFA502B95858B009A6DB0 /* SearchApi.swift */,
				CEBEFA542B958666009A6DB0 /* SearchService.swift */,
				CEBEFA522B95865B009A6DB0 /* SearchServiceProtocol.swift */,
				CEBEFA562B958680009A6DB0 /* MockSearchService.swift */,
			);
			path = Api;
			sourceTree = "<group>";
		};
		CE42F5FC2B64A23200124E92 = {
			isa = PBXGroup;
			children = (
				CE42F6072B64A23200124E92 /* RentHouse */,
				CE42F61E2B64A23400124E92 /* RentHouseTests */,
				CE42F6282B64A23400124E92 /* RentHouseUITests */,
				CE42F6062B64A23200124E92 /* Products */,
				CECB730D2BA28C2A006A523A /* Frameworks */,
			);
			sourceTree = "<group>";
		};
		CE42F6062B64A23200124E92 /* Products */ = {
			isa = PBXGroup;
			children = (
				CE42F6052B64A23200124E92 /* RentHouse.app */,
				CE42F61B2B64A23400124E92 /* RentHouseTests.xctest */,
				CE42F6252B64A23400124E92 /* RentHouseUITests.xctest */,
			);
			name = Products;
			sourceTree = "<group>";
		};
		CE42F6072B64A23200124E92 /* RentHouse */ = {
			isa = PBXGroup;
			children = (
				CEBA4DC52B8F0283006F078A /* Info.plist */,
				CE42F6082B64A23200124E92 /* RentHouseApp.swift */,
				CECB73102BA2A575006A523A /* AppDelegate.swift */,
				CE42F60A2B64A23200124E92 /* Persistence.swift */,
				CE42F60F2B64A23200124E92 /* ContentView.swift */,
				CEBA4DBD2B8EE429006F078A /* TabBarView.swift */,
				CEBEFA7F2B99BCE8009A6DB0 /* CacheConfig.swift */,
				CEBEFA812B9A0F83009A6DB0 /* ImageConfig.swift */,
				CEBEFA702B9837FB009A6DB0 /* Test.swift */,
				CE42F66F2B64E1B900124E92 /* Network */,
				CE42F6812B652C9C00124E92 /* Router */,
				CEBEFA422B94B952009A6DB0 /* Global */,
				CEF6B6532B661CC7006CE0F1 /* User */,
				CEBA4DBF2B8EE4D4006F078A /* Mine */,
				CEBA4DA82B8EE387006F078A /* Home */,
				CEF6B6542B661CD6006CE0F1 /* House */,
				CE3524532B8F319F0068E9C7 /* SearchView */,
				CEBEFA3D2B948077009A6DB0 /* Tools */,
				CEBEFA2A2B92C06B009A6DB0 /* Utils */,
				CE42F6112B64A23400124E92 /* Assets.xcassets */,
				CE42F6132B64A23400124E92 /* RentHouse.entitlements */,
				CE42F60C2B64A23200124E92 /* RentHouse.xcdatamodeld */,
				CE42F6142B64A23400124E92 /* Preview Content */,
			);
			path = RentHouse;
			sourceTree = "<group>";
		};
		CE42F6142B64A23400124E92 /* Preview Content */ = {
			isa = PBXGroup;
			children = (
				CE42F6152B64A23400124E92 /* Preview Assets.xcassets */,
			);
			path = "Preview Content";
			sourceTree = "<group>";
		};
		CE42F61E2B64A23400124E92 /* RentHouseTests */ = {
			isa = PBXGroup;
			children = (
				CE42F61F2B64A23400124E92 /* RentHouseTests.swift */,
			);
			path = RentHouseTests;
			sourceTree = "<group>";
		};
		CE42F6282B64A23400124E92 /* RentHouseUITests */ = {
			isa = PBXGroup;
			children = (
				CE42F6292B64A23400124E92 /* RentHouseUITests.swift */,
				CE42F62B2B64A23400124E92 /* RentHouseUITestsLaunchTests.swift */,
			);
			path = RentHouseUITests;
			sourceTree = "<group>";
		};
		CE42F66F2B64E1B900124E92 /* Network */ = {
			isa = PBXGroup;
			children = (
				CE42F6732B64F89000124E92 /* NetworkManager.swift */,
				CE42F67B2B65106400124E92 /* RequestBuilder.swift */,
				CE42F67F2B65134200124E92 /* APIRouterProtocol.swift */,
				CE42F67D2B6510D300124E92 /* ParameterEncoder.swift */,
			);
			path = Network;
			sourceTree = "<group>";
		};
		CE42F6812B652C9C00124E92 /* Router */ = {
			isa = PBXGroup;
			children = (
				CE42F6772B65103000124E92 /* HouseRouter.swift */,
				CE42F6792B65104C00124E92 /* AuthAPI.swift */,
			);
			path = Router;
			sourceTree = "<group>";
		};
		CEBA4DA82B8EE387006F078A /* Home */ = {
			isa = PBXGroup;
			children = (
				CEBA4DAD2B8EE387006F078A /* View */,
				CEBA4DA92B8EE387006F078A /* ViewModel */,
				CEBA4DAB2B8EE387006F078A /* Model */,
				CEBA4DB02B8EE387006F078A /* Api */,
			);
			path = Home;
			sourceTree = "<group>";
		};
		CEBA4DA92B8EE387006F078A /* ViewModel */ = {
			isa = PBXGroup;
			children = (
				CEBA4DAA2B8EE387006F078A /* HomeViewModel.swift */,
			);
			path = ViewModel;
			sourceTree = "<group>";
		};
		CEBA4DAB2B8EE387006F078A /* Model */ = {
			isa = PBXGroup;
			children = (
			);
			path = Model;
			sourceTree = "<group>";
		};
		CEBA4DAD2B8EE387006F078A /* View */ = {
			isa = PBXGroup;
			children = (
				CEBA4DAF2B8EE387006F078A /* HomeView.swift */,
				CEBA4DAE2B8EE387006F078A /* HouseDetailView.swift */,
			);
			path = View;
			sourceTree = "<group>";
		};
		CEBA4DB02B8EE387006F078A /* Api */ = {
			isa = PBXGroup;
			children = (
				CEBA4DB42B8EE387006F078A /* HomeApi.swift */,
				CEBA4DB32B8EE387006F078A /* HomeService.swift */,
				CEBA4DB22B8EE387006F078A /* HomeServiceProtocol.swift */,
				CEBA4DB12B8EE387006F078A /* MockHomeService.swift */,
			);
			path = Api;
			sourceTree = "<group>";
		};
		CEBA4DBF2B8EE4D4006F078A /* Mine */ = {
			isa = PBXGroup;
			children = (
				CEBA4DC12B8EE4D4006F078A /* View */,
				CEBA4DC02B8EE4D4006F078A /* ViewModel */,
				CEBA4DC32B8EE4D4006F078A /* Api */,
			);
			path = Mine;
			sourceTree = "<group>";
		};
		CEBA4DC02B8EE4D4006F078A /* ViewModel */ = {
			isa = PBXGroup;
			children = (
			);
			path = ViewModel;
			sourceTree = "<group>";
		};
		CEBA4DC12B8EE4D4006F078A /* View */ = {
			isa = PBXGroup;
			children = (
				CEBA4DC22B8EE4D4006F078A /* ProfileView.swift */,
			);
			path = View;
			sourceTree = "<group>";
		};
		CEBA4DC32B8EE4D4006F078A /* Api */ = {
			isa = PBXGroup;
			children = (
			);
			path = Api;
			sourceTree = "<group>";
		};
		CEBEFA2A2B92C06B009A6DB0 /* Utils */ = {
			isa = PBXGroup;
			children = (
				CEE9141D2B9D596400ADDB62 /* Image */,
				CEBEFA6B2B97068B009A6DB0 /* Representable */,
				CEBEFA2B2B92C08C009A6DB0 /* Extensions */,
				CEBEFA5A2B95AFAA009A6DB0 /* Modifier */,
				CEBEFA3A2B947F5E009A6DB0 /* Storage */,
				CEBEFA372B9360EC009A6DB0 /* Component */,
				CEBEFA2E2B930EB8009A6DB0 /* Location */,
			);
			path = Utils;
			sourceTree = "<group>";
		};
		CEBEFA2B2B92C08C009A6DB0 /* Extensions */ = {
			isa = PBXGroup;
			children = (
				CECB72EE2B9F3CDE006A523A /* Binding+extension.swift */,
				CEBEFA2C2B92C0A6009A6DB0 /* UIImage+extension.swift */,
				CEBEFA352B933B10009A6DB0 /* String+extension.swift */,
				CEBEFA5D2B95AFE1009A6DB0 /* View+extension.swift */,
				CEBEFA612B96B3C1009A6DB0 /* Color+extension.swift */,
				CEBEFA7B2B998F8E009A6DB0 /* UIApplication+extension.swift */,
			);
			path = Extensions;
			sourceTree = "<group>";
		};
		CEBEFA2E2B930EB8009A6DB0 /* Location */ = {
			isa = PBXGroup;
			children = (
				CEBEFA2F2B930EE3009A6DB0 /* LocationManager.swift */,
				CEBEFA312B932382009A6DB0 /* LocationService.swift */,
				CEBEFA332B932F56009A6DB0 /* MapSearchManager.swift */,
			);
			path = Location;
			sourceTree = "<group>";
		};
		CEBEFA372B9360EC009A6DB0 /* Component */ = {
			isa = PBXGroup;
			children = (
				CECB73132BA2A803006A523A /* Keyboard */,
				CECB72FF2BA0AD56006A523A /* Progress */,
				CECB72DE2B9F08AE006A523A /* SwiftUILayouts */,
				CEBEFA5F2B9602B2009A6DB0 /* KeyboardResponder.swift */,
				CEBEFA632B96C8BC009A6DB0 /* PhotoPicker.swift */,
				CEBEFA652B96E62B009A6DB0 /* PhotoGridView.swift */,
				CEBEFA6E2B974E5C009A6DB0 /* ToastManager.swift */,
			);
			path = Component;
			sourceTree = "<group>";
		};
		CEBEFA3A2B947F5E009A6DB0 /* Storage */ = {
			isa = PBXGroup;
			children = (
				CEBEFA3B2B947FA1009A6DB0 /* UserDefaultsManager.swift */,
			);
			path = Storage;
			sourceTree = "<group>";
		};
		CEBEFA3D2B948077009A6DB0 /* Tools */ = {
			isa = PBXGroup;
			children = (
				CEBEFA3E2B948097009A6DB0 /* UserDefaultsKey.swift */,
			);
			path = Tools;
			sourceTree = "<group>";
		};
		CEBEFA422B94B952009A6DB0 /* Global */ = {
			isa = PBXGroup;
			children = (
				CEBEFA432B94B963009A6DB0 /* Data */,
			);
			path = Global;
			sourceTree = "<group>";
		};
		CEBEFA432B94B963009A6DB0 /* Data */ = {
			isa = PBXGroup;
			children = (
				CEBEFA442B94B971009A6DB0 /* CityDataManager.swift */,
			);
			path = Data;
			sourceTree = "<group>";
		};
		CEBEFA5A2B95AFAA009A6DB0 /* Modifier */ = {
			isa = PBXGroup;
			children = (
				CEBEFA5B2B95AFB5009A6DB0 /* DragToDismissModifier.swift */,
			);
			path = Modifier;
			sourceTree = "<group>";
		};
		CEBEFA6B2B97068B009A6DB0 /* Representable */ = {
			isa = PBXGroup;
			children = (
				CEBEFA6C2B970696009A6DB0 /* SKPhotoBrowserRepresentable.swift */,
				CEBEFA722B9855AD009A6DB0 /* ImagePickerRepresentable.swift */,
			);
			path = Representable;
			sourceTree = "<group>";
		};
		CECB72DE2B9F08AE006A523A /* SwiftUILayouts */ = {
			isa = PBXGroup;
			children = (
				CECB72DF2B9F08AE006A523A /* EqualVStack.swift */,
				CECB72E02B9F08AE006A523A /* EqualHStack.swift */,
				CECB72E12B9F08AE006A523A /* CompressingHStack.swift */,
				CECB72E22B9F08AE006A523A /* VerticalWaterfallLayout.swift */,
				CECB72E32B9F08AE006A523A /* FlowLayout.swift */,
			);
			path = SwiftUILayouts;
			sourceTree = "<group>";
		};
		CECB72FF2BA0AD56006A523A /* Progress */ = {
			isa = PBXGroup;
			children = (
				CECB73002BA13F7E006A523A /* ProgressHandler.swift */,
				CECB73022BA13FD2006A523A /* ProgressViewOverlay.swift */,
				CECB73042BA159DD006A523A /* UploadStatusView.swift */,
				CECB73062BA27DE6006A523A /* Source */,
			);
			path = Progress;
			sourceTree = "<group>";
		};
		CECB73062BA27DE6006A523A /* Source */ = {
			isa = PBXGroup;
			children = (
				CECB73072BA27DF6006A523A /* CircleView.swift */,
				CECB73092BA27EE1006A523A /* MagicProgressView.swift */,
				CECB730B2BA27FD6006A523A /* DefaultSectorView.swift */,
			);
			path = Source;
			sourceTree = "<group>";
		};
		CECB730D2BA28C2A006A523A /* Frameworks */ = {
			isa = PBXGroup;
			children = (
			);
			name = Frameworks;
			sourceTree = "<group>";
		};
		CECB73132BA2A803006A523A /* Keyboard */ = {
			isa = PBXGroup;
			children = (
				CECB73182BA2A890006A523A /* KeyboardAdaptive.swift */,
				CECB73142BA2A83A006A523A /* UIResponder+Current.swift */,
				CECB73162BA2A861006A523A /* KeyboardHeightPublisher.swift */,
			);
			path = Keyboard;
			sourceTree = "<group>";
		};
		CEE9141D2B9D596400ADDB62 /* Image */ = {
			isa = PBXGroup;
			children = (
				CEE9141E2B9D598800ADDB62 /* HeicFormatConvert.swift */,
			);
			path = Image;
			sourceTree = "<group>";
		};
		CEF6B6532B661CC7006CE0F1 /* User */ = {
			isa = PBXGroup;
			children = (
				CEF6B65E2B663ABF006CE0F1 /* Model */,
				CEF6B65F2B663ABF006CE0F1 /* View */,
				CEF6B6602B663ABF006CE0F1 /* ViewModel */,
			);
			path = User;
			sourceTree = "<group>";
		};
		CEF6B6542B661CD6006CE0F1 /* House */ = {
			isa = PBXGroup;
			children = (
				CEF6B65B2B663111006CE0F1 /* View */,
				CEF6B6572B661D28006CE0F1 /* ViewModel */,
				CEF6B6582B661E60006CE0F1 /* Model */,
				CE34ED082B917DA800C0789F /* Api */,
			);
			path = House;
			sourceTree = "<group>";
		};
		CEF6B6572B661D28006CE0F1 /* ViewModel */ = {
			isa = PBXGroup;
			children = (
				CEF6B6552B661D16006CE0F1 /* HouseUploadViewModel.swift */,
				CEBEFA4A2B95751A009A6DB0 /* HouseInfoViewModel.swift */,
			);
			path = ViewModel;
			sourceTree = "<group>";
		};
		CEF6B6582B661E60006CE0F1 /* Model */ = {
			isa = PBXGroup;
			children = (
				CEBA4DAC2B8EE387006F078A /* House.swift */,
			);
			path = Model;
			sourceTree = "<group>";
		};
		CEF6B65B2B663111006CE0F1 /* View */ = {
			isa = PBXGroup;
			children = (
				CEBEFA7D2B9993CE009A6DB0 /* UploadStateManager.swift */,
				CEF6B65C2B663127006CE0F1 /* UploadView.swift */,
				CEBEFA772B996A8F009A6DB0 /* MyHousesView.swift */,
				CEBEFA482B9572DB009A6DB0 /* RowViewStyle1.swift */,
				CEBEFA792B996F28009A6DB0 /* ContentView2.swift */,
				CE56BC6C2BA2E6DD009168CC /* GridTagsView.swift */,
				CE56BC6E2BA2FAF3009168CC /* FlowLayoutGridView.swift */,
				CE56BC702BA32D56009168CC /* MultiFlowLayoutGridView.swift */,
			);
			path = View;
			sourceTree = "<group>";
		};
		CEF6B65E2B663ABF006CE0F1 /* Model */ = {
			isa = PBXGroup;
			children = (
				CEF6B6642B664553006CE0F1 /* User.swift */,
			);
			path = Model;
			sourceTree = "<group>";
		};
		CEF6B65F2B663ABF006CE0F1 /* View */ = {
			isa = PBXGroup;
			children = (
				CEF6B6662B6648F4006CE0F1 /* LoginView.swift */,
			);
			path = View;
			sourceTree = "<group>";
		};
		CEF6B6602B663ABF006CE0F1 /* ViewModel */ = {
			isa = PBXGroup;
			children = (
				CEF6B6612B663B23006CE0F1 /* LoginViewModel.swift */,
			);
			path = ViewModel;
			sourceTree = "<group>";
		};
/* End PBXGroup section */

/* Begin PBXNativeTarget section */
		CE42F6042B64A23200124E92 /* RentHouse */ = {
			isa = PBXNativeTarget;
			buildConfigurationList = CE42F62F2B64A23400124E92 /* Build configuration list for PBXNativeTarget "RentHouse" */;
			buildPhases = (
				CE42F6012B64A23200124E92 /* Sources */,
				CE42F6022B64A23200124E92 /* Frameworks */,
				CE42F6032B64A23200124E92 /* Resources */,
			);
			buildRules = (
			);
			dependencies = (
			);
			name = RentHouse;
			packageProductDependencies = (
				CE42F6712B64EA1B00124E92 /* Alamofire */,
				CE8005642B91748D00E1D683 /* Kingfisher */,
				CEBEFA692B97065D009A6DB0 /* SKPhotoBrowser */,
				CEBEFA752B985664009A6DB0 /* BSImagePicker */,
				CECB72F42BA05435006A523A /* Drops */,
				CECB72FA2BA0A6F0006A523A /* PopupView */,
				CECB730E2BA28C2A006A523A /* ActivityIndicatorView */,
			);
			productName = RentHouse;
			productReference = CE42F6052B64A23200124E92 /* RentHouse.app */;
			productType = "com.apple.product-type.application";
		};
		CE42F61A2B64A23400124E92 /* RentHouseTests */ = {
			isa = PBXNativeTarget;
			buildConfigurationList = CE42F6322B64A23400124E92 /* Build configuration list for PBXNativeTarget "RentHouseTests" */;
			buildPhases = (
				CE42F6172B64A23400124E92 /* Sources */,
				CE42F6182B64A23400124E92 /* Frameworks */,
				CE42F6192B64A23400124E92 /* Resources */,
			);
			buildRules = (
			);
			dependencies = (
				CE42F61D2B64A23400124E92 /* PBXTargetDependency */,
			);
			name = RentHouseTests;
			productName = RentHouseTests;
			productReference = CE42F61B2B64A23400124E92 /* RentHouseTests.xctest */;
			productType = "com.apple.product-type.bundle.unit-test";
		};
		CE42F6242B64A23400124E92 /* RentHouseUITests */ = {
			isa = PBXNativeTarget;
			buildConfigurationList = CE42F6352B64A23400124E92 /* Build configuration list for PBXNativeTarget "RentHouseUITests" */;
			buildPhases = (
				CE42F6212B64A23400124E92 /* Sources */,
				CE42F6222B64A23400124E92 /* Frameworks */,
				CE42F6232B64A23400124E92 /* Resources */,
			);
			buildRules = (
			);
			dependencies = (
				CE42F6272B64A23400124E92 /* PBXTargetDependency */,
			);
			name = RentHouseUITests;
			productName = RentHouseUITests;
			productReference = CE42F6252B64A23400124E92 /* RentHouseUITests.xctest */;
			productType = "com.apple.product-type.bundle.ui-testing";
		};
/* End PBXNativeTarget section */

/* Begin PBXProject section */
		CE42F5FD2B64A23200124E92 /* Project object */ = {
			isa = PBXProject;
			attributes = {
				BuildIndependentTargetsInParallel = 1;
				LastSwiftUpdateCheck = 1420;
				LastUpgradeCheck = 1420;
				TargetAttributes = {
					CE42F6042B64A23200124E92 = {
						CreatedOnToolsVersion = 14.2;
					};
					CE42F61A2B64A23400124E92 = {
						CreatedOnToolsVersion = 14.2;
						TestTargetID = CE42F6042B64A23200124E92;
					};
					CE42F6242B64A23400124E92 = {
						CreatedOnToolsVersion = 14.2;
						TestTargetID = CE42F6042B64A23200124E92;
					};
				};
			};
			buildConfigurationList = CE42F6002B64A23200124E92 /* Build configuration list for PBXProject "RentHouse" */;
			compatibilityVersion = "Xcode 14.0";
			developmentRegion = en;
			hasScannedForEncodings = 0;
			knownRegions = (
				en,
				Base,
			);
			mainGroup = CE42F5FC2B64A23200124E92;
			packageReferences = (
				CE42F6702B64EA1B00124E92 /* XCRemoteSwiftPackageReference "Alamofire" */,
				CE8005632B91748D00E1D683 /* XCRemoteSwiftPackageReference "Kingfisher" */,
				CEBEFA682B97065D009A6DB0 /* XCRemoteSwiftPackageReference "SKPhotoBrowser" */,
				CEBEFA742B985664009A6DB0 /* XCRemoteSwiftPackageReference "BSImagePicker" */,
				CECB72F32BA05435006A523A /* XCRemoteSwiftPackageReference "Drops" */,
				CECB72F92BA0A6F0006A523A /* XCRemoteSwiftPackageReference "PopupView" */,
				CECB72FC2BA0A84C006A523A /* XCRemoteSwiftPackageReference "ActivityIndicatorView" */,
			);
			productRefGroup = CE42F6062B64A23200124E92 /* Products */;
			projectDirPath = "";
			projectRoot = "";
			targets = (
				CE42F6042B64A23200124E92 /* RentHouse */,
				CE42F61A2B64A23400124E92 /* RentHouseTests */,
				CE42F6242B64A23400124E92 /* RentHouseUITests */,
			);
		};
/* End PBXProject section */

/* Begin PBXResourcesBuildPhase section */
		CE42F6032B64A23200124E92 /* Resources */ = {
			isa = PBXResourcesBuildPhase;
			buildActionMask = 2147483647;
			files = (
				CE42F6162B64A23400124E92 /* Preview Assets.xcassets in Resources */,
				CE42F6122B64A23400124E92 /* Assets.xcassets in Resources */,
			);
			runOnlyForDeploymentPostprocessing = 0;
		};
		CE42F6192B64A23400124E92 /* Resources */ = {
			isa = PBXResourcesBuildPhase;
			buildActionMask = 2147483647;
			files = (
			);
			runOnlyForDeploymentPostprocessing = 0;
		};
		CE42F6232B64A23400124E92 /* Resources */ = {
			isa = PBXResourcesBuildPhase;
			buildActionMask = 2147483647;
			files = (
			);
			runOnlyForDeploymentPostprocessing = 0;
		};
/* End PBXResourcesBuildPhase section */

/* Begin PBXSourcesBuildPhase section */
		CE42F6012B64A23200124E92 /* Sources */ = {
			isa = PBXSourcesBuildPhase;
			buildActionMask = 2147483647;
			files = (
				CECB73192BA2A890006A523A /* KeyboardAdaptive.swift in Sources */,
				CECB72E52B9F08AE006A523A /* EqualHStack.swift in Sources */,
				CEBEFA802B99BCE8009A6DB0 /* CacheConfig.swift in Sources */,
				CEBEFA3F2B948097009A6DB0 /* UserDefaultsKey.swift in Sources */,
				CEBEFA342B932F56009A6DB0 /* MapSearchManager.swift in Sources */,
				CEBEFA7E2B9993CE009A6DB0 /* UploadStateManager.swift in Sources */,
				CEBA4DB52B8EE387006F078A /* HomeViewModel.swift in Sources */,
				CEBEFA592B9587D0009A6DB0 /* CitySearchViewModel.swift in Sources */,
				CEF6B6562B661D16006CE0F1 /* HouseUploadViewModel.swift in Sources */,
				CEBEFA642B96C8BC009A6DB0 /* PhotoPicker.swift in Sources */,
				CE34ED0E2B917DE300C0789F /* HouseService.swift in Sources */,
				CEBEFA822B9A0F83009A6DB0 /* ImageConfig.swift in Sources */,
				CECB73112BA2A575006A523A /* AppDelegate.swift in Sources */,
				CEBEFA572B958680009A6DB0 /* MockSearchService.swift in Sources */,
				CE42F6092B64A23200124E92 /* RentHouseApp.swift in Sources */,
				CECB73052BA159DD006A523A /* UploadStatusView.swift in Sources */,
				CECB73172BA2A861006A523A /* KeyboardHeightPublisher.swift in Sources */,
				CE34ED0C2B917DD800C0789F /* HouseServiceProtocol.swift in Sources */,
				CEBEFA5E2B95AFE1009A6DB0 /* View+extension.swift in Sources */,
				CE42F60B2B64A23200124E92 /* Persistence.swift in Sources */,
				CEBEFA452B94B971009A6DB0 /* CityDataManager.swift in Sources */,
				CEBA4DB62B8EE387006F078A /* House.swift in Sources */,
				CEBEFA302B930EE3009A6DB0 /* LocationManager.swift in Sources */,
				CE42F67C2B65106400124E92 /* RequestBuilder.swift in Sources */,
				CEF6B65D2B663127006CE0F1 /* UploadView.swift in Sources */,
				CEBA4DC42B8EE4D4006F078A /* ProfileView.swift in Sources */,
				CE42F67A2B65104C00124E92 /* AuthAPI.swift in Sources */,
				CEBEFA4F2B9584BC009A6DB0 /* CitySearchView.swift in Sources */,
				CEBEFA622B96B3C1009A6DB0 /* Color+extension.swift in Sources */,
				CECB72E42B9F08AE006A523A /* EqualVStack.swift in Sources */,
				CEF6B6622B663B23006CE0F1 /* LoginViewModel.swift in Sources */,
				CE42F6782B65103000124E92 /* HouseRouter.swift in Sources */,
				CECB73152BA2A83A006A523A /* UIResponder+Current.swift in Sources */,
				CEBA4DBE2B8EE429006F078A /* TabBarView.swift in Sources */,
				CEBA4DB72B8EE387006F078A /* HouseDetailView.swift in Sources */,
				CECB73032BA13FD2006A523A /* ProgressViewOverlay.swift in Sources */,
				CEBEFA4B2B95751A009A6DB0 /* HouseInfoViewModel.swift in Sources */,
				CECB72E82B9F08AE006A523A /* FlowLayout.swift in Sources */,
				CECB72E62B9F08AE006A523A /* CompressingHStack.swift in Sources */,
				CEBEFA492B9572DB009A6DB0 /* RowViewStyle1.swift in Sources */,
				CEBEFA732B9855AD009A6DB0 /* ImagePickerRepresentable.swift in Sources */,
				CEBEFA2D2B92C0A6009A6DB0 /* UIImage+extension.swift in Sources */,
				CEBA4DBC2B8EE387006F078A /* HomeApi.swift in Sources */,
				CEF6B6652B664553006CE0F1 /* User.swift in Sources */,
				CE42F6742B64F89000124E92 /* NetworkManager.swift in Sources */,
				CECB73012BA13F7E006A523A /* ProgressHandler.swift in Sources */,
				CEBEFA7A2B996F28009A6DB0 /* ContentView2.swift in Sources */,
				CEBA4DB92B8EE387006F078A /* MockHomeService.swift in Sources */,
				CEBEFA552B958666009A6DB0 /* SearchService.swift in Sources */,
				CEBEFA362B933B10009A6DB0 /* String+extension.swift in Sources */,
				CE34ED0A2B917DC000C0789F /* HouseApi.swift in Sources */,
				CEBEFA412B948A6D009A6DB0 /* District.swift in Sources */,
				CE56BC6D2BA2E6DD009168CC /* GridTagsView.swift in Sources */,
				CEBEFA782B996A8F009A6DB0 /* MyHousesView.swift in Sources */,
				CEBEFA662B96E62B009A6DB0 /* PhotoGridView.swift in Sources */,
				CEBA4DB82B8EE387006F078A /* HomeView.swift in Sources */,
				CEBEFA5C2B95AFB5009A6DB0 /* DragToDismissModifier.swift in Sources */,
				CEBEFA7C2B998F8E009A6DB0 /* UIApplication+extension.swift in Sources */,
				CE42F6102B64A23200124E92 /* ContentView.swift in Sources */,
				CE42F67E2B6510D300124E92 /* ParameterEncoder.swift in Sources */,
				CE42F6802B65134200124E92 /* APIRouterProtocol.swift in Sources */,
				CEBEFA472B956704009A6DB0 /* CommunitySearchView.swift in Sources */,
				CEBEFA322B932382009A6DB0 /* LocationService.swift in Sources */,
				CEBA4DBB2B8EE387006F078A /* HomeService.swift in Sources */,
				CEBEFA712B9837FB009A6DB0 /* Test.swift in Sources */,
				CEE9141F2B9D598800ADDB62 /* HeicFormatConvert.swift in Sources */,
				CECB730A2BA27EE1006A523A /* MagicProgressView.swift in Sources */,
				CECB730C2BA27FD6006A523A /* DefaultSectorView.swift in Sources */,
				CECB72EF2B9F3CDE006A523A /* Binding+extension.swift in Sources */,
				CEBA4DBA2B8EE387006F078A /* HomeServiceProtocol.swift in Sources */,
				CE56BC6F2BA2FAF3009168CC /* FlowLayoutGridView.swift in Sources */,
				CEBEFA602B9602B3009A6DB0 /* KeyboardResponder.swift in Sources */,
				CEBEFA3C2B947FA1009A6DB0 /* UserDefaultsManager.swift in Sources */,
				CEBEFA512B95858B009A6DB0 /* SearchApi.swift in Sources */,
				CECB73082BA27DF6006A523A /* CircleView.swift in Sources */,
				CEF6B6672B6648F4006CE0F1 /* LoginView.swift in Sources */,
				CECB72E72B9F08AE006A523A /* VerticalWaterfallLayout.swift in Sources */,
				CE56BC712BA32D56009168CC /* MultiFlowLayoutGridView.swift in Sources */,
				CE42F60E2B64A23200124E92 /* RentHouse.xcdatamodeld in Sources */,
				CE34ED102B917DEE00C0789F /* MockHouseService.swift in Sources */,
				CEBEFA6F2B974E5C009A6DB0 /* ToastManager.swift in Sources */,
				CEBEFA6D2B970696009A6DB0 /* SKPhotoBrowserRepresentable.swift in Sources */,
				CEBEFA532B95865B009A6DB0 /* SearchServiceProtocol.swift in Sources */,
			);
			runOnlyForDeploymentPostprocessing = 0;
		};
		CE42F6172B64A23400124E92 /* Sources */ = {
			isa = PBXSourcesBuildPhase;
			buildActionMask = 2147483647;
			files = (
				CE42F6202B64A23400124E92 /* RentHouseTests.swift in Sources */,
			);
			runOnlyForDeploymentPostprocessing = 0;
		};
		CE42F6212B64A23400124E92 /* Sources */ = {
			isa = PBXSourcesBuildPhase;
			buildActionMask = 2147483647;
			files = (
				CE42F62C2B64A23400124E92 /* RentHouseUITestsLaunchTests.swift in Sources */,
				CE42F62A2B64A23400124E92 /* RentHouseUITests.swift in Sources */,
			);
			runOnlyForDeploymentPostprocessing = 0;
		};
/* End PBXSourcesBuildPhase section */

/* Begin PBXTargetDependency section */
		CE42F61D2B64A23400124E92 /* PBXTargetDependency */ = {
			isa = PBXTargetDependency;
			target = CE42F6042B64A23200124E92 /* RentHouse */;
			targetProxy = CE42F61C2B64A23400124E92 /* PBXContainerItemProxy */;
		};
		CE42F6272B64A23400124E92 /* PBXTargetDependency */ = {
			isa = PBXTargetDependency;
			target = CE42F6042B64A23200124E92 /* RentHouse */;
			targetProxy = CE42F6262B64A23400124E92 /* PBXContainerItemProxy */;
		};
/* End PBXTargetDependency section */

/* Begin XCBuildConfiguration section */
		CE42F62D2B64A23400124E92 /* Debug */ = {
			isa = XCBuildConfiguration;
			buildSettings = {
				ALWAYS_SEARCH_USER_PATHS = NO;
				CLANG_ANALYZER_NONNULL = YES;
				CLANG_ANALYZER_NUMBER_OBJECT_CONVERSION = YES_AGGRESSIVE;
				CLANG_CXX_LANGUAGE_STANDARD = "gnu++20";
				CLANG_ENABLE_MODULES = YES;
				CLANG_ENABLE_OBJC_ARC = YES;
				CLANG_ENABLE_OBJC_WEAK = YES;
				CLANG_WARN_BLOCK_CAPTURE_AUTORELEASING = YES;
				CLANG_WARN_BOOL_CONVERSION = YES;
				CLANG_WARN_COMMA = YES;
				CLANG_WARN_CONSTANT_CONVERSION = YES;
				CLANG_WARN_DEPRECATED_OBJC_IMPLEMENTATIONS = YES;
				CLANG_WARN_DIRECT_OBJC_ISA_USAGE = YES_ERROR;
				CLANG_WARN_DOCUMENTATION_COMMENTS = YES;
				CLANG_WARN_EMPTY_BODY = YES;
				CLANG_WARN_ENUM_CONVERSION = YES;
				CLANG_WARN_INFINITE_RECURSION = YES;
				CLANG_WARN_INT_CONVERSION = YES;
				CLANG_WARN_NON_LITERAL_NULL_CONVERSION = YES;
				CLANG_WARN_OBJC_IMPLICIT_RETAIN_SELF = YES;
				CLANG_WARN_OBJC_LITERAL_CONVERSION = YES;
				CLANG_WARN_OBJC_ROOT_CLASS = YES_ERROR;
				CLANG_WARN_QUOTED_INCLUDE_IN_FRAMEWORK_HEADER = YES;
				CLANG_WARN_RANGE_LOOP_ANALYSIS = YES;
				CLANG_WARN_STRICT_PROTOTYPES = YES;
				CLANG_WARN_SUSPICIOUS_MOVE = YES;
				CLANG_WARN_UNGUARDED_AVAILABILITY = YES_AGGRESSIVE;
				CLANG_WARN_UNREACHABLE_CODE = YES;
				CLANG_WARN__DUPLICATE_METHOD_MATCH = YES;
				COPY_PHASE_STRIP = NO;
				DEBUG_INFORMATION_FORMAT = dwarf;
				ENABLE_STRICT_OBJC_MSGSEND = YES;
				ENABLE_TESTABILITY = YES;
				GCC_C_LANGUAGE_STANDARD = gnu11;
				GCC_DYNAMIC_NO_PIC = NO;
				GCC_NO_COMMON_BLOCKS = YES;
				GCC_OPTIMIZATION_LEVEL = 0;
				GCC_PREPROCESSOR_DEFINITIONS = (
					"DEBUG=1",
					"$(inherited)",
				);
				GCC_WARN_64_TO_32_BIT_CONVERSION = YES;
				GCC_WARN_ABOUT_RETURN_TYPE = YES_ERROR;
				GCC_WARN_UNDECLARED_SELECTOR = YES;
				GCC_WARN_UNINITIALIZED_AUTOS = YES_AGGRESSIVE;
				GCC_WARN_UNUSED_FUNCTION = YES;
				GCC_WARN_UNUSED_VARIABLE = YES;
				MTL_ENABLE_DEBUG_INFO = INCLUDE_SOURCE;
				MTL_FAST_MATH = YES;
				ONLY_ACTIVE_ARCH = YES;
				SWIFT_ACTIVE_COMPILATION_CONDITIONS = DEBUG;
				SWIFT_OPTIMIZATION_LEVEL = "-Onone";
			};
			name = Debug;
		};
		CE42F62E2B64A23400124E92 /* Release */ = {
			isa = XCBuildConfiguration;
			buildSettings = {
				ALWAYS_SEARCH_USER_PATHS = NO;
				CLANG_ANALYZER_NONNULL = YES;
				CLANG_ANALYZER_NUMBER_OBJECT_CONVERSION = YES_AGGRESSIVE;
				CLANG_CXX_LANGUAGE_STANDARD = "gnu++20";
				CLANG_ENABLE_MODULES = YES;
				CLANG_ENABLE_OBJC_ARC = YES;
				CLANG_ENABLE_OBJC_WEAK = YES;
				CLANG_WARN_BLOCK_CAPTURE_AUTORELEASING = YES;
				CLANG_WARN_BOOL_CONVERSION = YES;
				CLANG_WARN_COMMA = YES;
				CLANG_WARN_CONSTANT_CONVERSION = YES;
				CLANG_WARN_DEPRECATED_OBJC_IMPLEMENTATIONS = YES;
				CLANG_WARN_DIRECT_OBJC_ISA_USAGE = YES_ERROR;
				CLANG_WARN_DOCUMENTATION_COMMENTS = YES;
				CLANG_WARN_EMPTY_BODY = YES;
				CLANG_WARN_ENUM_CONVERSION = YES;
				CLANG_WARN_INFINITE_RECURSION = YES;
				CLANG_WARN_INT_CONVERSION = YES;
				CLANG_WARN_NON_LITERAL_NULL_CONVERSION = YES;
				CLANG_WARN_OBJC_IMPLICIT_RETAIN_SELF = YES;
				CLANG_WARN_OBJC_LITERAL_CONVERSION = YES;
				CLANG_WARN_OBJC_ROOT_CLASS = YES_ERROR;
				CLANG_WARN_QUOTED_INCLUDE_IN_FRAMEWORK_HEADER = YES;
				CLANG_WARN_RANGE_LOOP_ANALYSIS = YES;
				CLANG_WARN_STRICT_PROTOTYPES = YES;
				CLANG_WARN_SUSPICIOUS_MOVE = YES;
				CLANG_WARN_UNGUARDED_AVAILABILITY = YES_AGGRESSIVE;
				CLANG_WARN_UNREACHABLE_CODE = YES;
				CLANG_WARN__DUPLICATE_METHOD_MATCH = YES;
				COPY_PHASE_STRIP = NO;
				DEBUG_INFORMATION_FORMAT = "dwarf-with-dsym";
				ENABLE_NS_ASSERTIONS = NO;
				ENABLE_STRICT_OBJC_MSGSEND = YES;
				GCC_C_LANGUAGE_STANDARD = gnu11;
				GCC_NO_COMMON_BLOCKS = YES;
				GCC_WARN_64_TO_32_BIT_CONVERSION = YES;
				GCC_WARN_ABOUT_RETURN_TYPE = YES_ERROR;
				GCC_WARN_UNDECLARED_SELECTOR = YES;
				GCC_WARN_UNINITIALIZED_AUTOS = YES_AGGRESSIVE;
				GCC_WARN_UNUSED_FUNCTION = YES;
				GCC_WARN_UNUSED_VARIABLE = YES;
				MTL_ENABLE_DEBUG_INFO = NO;
				MTL_FAST_MATH = YES;
				SWIFT_COMPILATION_MODE = wholemodule;
				SWIFT_OPTIMIZATION_LEVEL = "-O";
			};
			name = Release;
		};
		CE42F6302B64A23400124E92 /* Debug */ = {
			isa = XCBuildConfiguration;
			buildSettings = {
				ASSETCATALOG_COMPILER_APPICON_NAME = AppIcon;
				ASSETCATALOG_COMPILER_GLOBAL_ACCENT_COLOR_NAME = AccentColor;
				CODE_SIGN_ENTITLEMENTS = RentHouse/RentHouse.entitlements;
				CODE_SIGN_STYLE = Automatic;
				CURRENT_PROJECT_VERSION = 1;
				DEVELOPMENT_ASSET_PATHS = "\"RentHouse/Preview Content\"";
				DEVELOPMENT_TEAM = WGTAZF6C7D;
				ENABLE_HARDENED_RUNTIME = YES;
				"ENABLE_HARDENED_RUNTIME[sdk=macosx*]" = YES;
				ENABLE_PREVIEWS = YES;
				GENERATE_INFOPLIST_FILE = YES;
				INFOPLIST_FILE = RentHouse/Info.plist;
				INFOPLIST_KEY_NSLocationWhenInUseUsageDescription = "是否允许使用定位功能";
				INFOPLIST_KEY_NSPhotoLibraryUsageDescription = "";
				"INFOPLIST_KEY_UIApplicationSceneManifest_Generation[sdk=iphoneos*]" = YES;
				"INFOPLIST_KEY_UIApplicationSceneManifest_Generation[sdk=iphonesimulator*]" = YES;
				"INFOPLIST_KEY_UIApplicationSupportsIndirectInputEvents[sdk=iphoneos*]" = YES;
				"INFOPLIST_KEY_UIApplicationSupportsIndirectInputEvents[sdk=iphonesimulator*]" = YES;
				"INFOPLIST_KEY_UILaunchScreen_Generation[sdk=iphoneos*]" = YES;
				"INFOPLIST_KEY_UILaunchScreen_Generation[sdk=iphonesimulator*]" = YES;
				"INFOPLIST_KEY_UIStatusBarStyle[sdk=iphoneos*]" = UIStatusBarStyleDefault;
				"INFOPLIST_KEY_UIStatusBarStyle[sdk=iphonesimulator*]" = UIStatusBarStyleDefault;
				INFOPLIST_KEY_UISupportedInterfaceOrientations_iPad = "UIInterfaceOrientationPortrait UIInterfaceOrientationPortraitUpsideDown UIInterfaceOrientationLandscapeLeft UIInterfaceOrientationLandscapeRight";
				INFOPLIST_KEY_UISupportedInterfaceOrientations_iPhone = "UIInterfaceOrientationPortrait UIInterfaceOrientationLandscapeLeft UIInterfaceOrientationLandscapeRight";
				IPHONEOS_DEPLOYMENT_TARGET = 16.0;
				LD_RUNPATH_SEARCH_PATHS = "@executable_path/Frameworks";
				"LD_RUNPATH_SEARCH_PATHS[sdk=macosx*]" = "@executable_path/../Frameworks";
				MACOSX_DEPLOYMENT_TARGET = 13.1;
				MARKETING_VERSION = 1.0;
				PRODUCT_BUNDLE_IDENTIFIER = com.liuhongli.RentHouse;
				PRODUCT_NAME = "$(TARGET_NAME)";
				SDKROOT = auto;
				SUPPORTED_PLATFORMS = "iphoneos iphonesimulator macosx";
				SWIFT_EMIT_LOC_STRINGS = YES;
				SWIFT_VERSION = 5.0;
				TARGETED_DEVICE_FAMILY = "1,2";
			};
			name = Debug;
		};
		CE42F6312B64A23400124E92 /* Release */ = {
			isa = XCBuildConfiguration;
			buildSettings = {
				ASSETCATALOG_COMPILER_APPICON_NAME = AppIcon;
				ASSETCATALOG_COMPILER_GLOBAL_ACCENT_COLOR_NAME = AccentColor;
				CODE_SIGN_ENTITLEMENTS = RentHouse/RentHouse.entitlements;
				CODE_SIGN_STYLE = Automatic;
				CURRENT_PROJECT_VERSION = 1;
				DEVELOPMENT_ASSET_PATHS = "\"RentHouse/Preview Content\"";
				DEVELOPMENT_TEAM = WGTAZF6C7D;
				ENABLE_HARDENED_RUNTIME = YES;
				"ENABLE_HARDENED_RUNTIME[sdk=macosx*]" = YES;
				ENABLE_PREVIEWS = YES;
				GENERATE_INFOPLIST_FILE = YES;
				INFOPLIST_FILE = RentHouse/Info.plist;
				INFOPLIST_KEY_NSLocationWhenInUseUsageDescription = "是否允许使用定位功能";
				INFOPLIST_KEY_NSPhotoLibraryUsageDescription = "";
				"INFOPLIST_KEY_UIApplicationSceneManifest_Generation[sdk=iphoneos*]" = YES;
				"INFOPLIST_KEY_UIApplicationSceneManifest_Generation[sdk=iphonesimulator*]" = YES;
				"INFOPLIST_KEY_UIApplicationSupportsIndirectInputEvents[sdk=iphoneos*]" = YES;
				"INFOPLIST_KEY_UIApplicationSupportsIndirectInputEvents[sdk=iphonesimulator*]" = YES;
				"INFOPLIST_KEY_UILaunchScreen_Generation[sdk=iphoneos*]" = YES;
				"INFOPLIST_KEY_UILaunchScreen_Generation[sdk=iphonesimulator*]" = YES;
				"INFOPLIST_KEY_UIStatusBarStyle[sdk=iphoneos*]" = UIStatusBarStyleDefault;
				"INFOPLIST_KEY_UIStatusBarStyle[sdk=iphonesimulator*]" = UIStatusBarStyleDefault;
				INFOPLIST_KEY_UISupportedInterfaceOrientations_iPad = "UIInterfaceOrientationPortrait UIInterfaceOrientationPortraitUpsideDown UIInterfaceOrientationLandscapeLeft UIInterfaceOrientationLandscapeRight";
				INFOPLIST_KEY_UISupportedInterfaceOrientations_iPhone = "UIInterfaceOrientationPortrait UIInterfaceOrientationLandscapeLeft UIInterfaceOrientationLandscapeRight";
				IPHONEOS_DEPLOYMENT_TARGET = 16.0;
				LD_RUNPATH_SEARCH_PATHS = "@executable_path/Frameworks";
				"LD_RUNPATH_SEARCH_PATHS[sdk=macosx*]" = "@executable_path/../Frameworks";
				MACOSX_DEPLOYMENT_TARGET = 13.1;
				MARKETING_VERSION = 1.0;
				PRODUCT_BUNDLE_IDENTIFIER = com.liuhongli.RentHouse;
				PRODUCT_NAME = "$(TARGET_NAME)";
				SDKROOT = auto;
				SUPPORTED_PLATFORMS = "iphoneos iphonesimulator macosx";
				SWIFT_EMIT_LOC_STRINGS = YES;
				SWIFT_VERSION = 5.0;
				TARGETED_DEVICE_FAMILY = "1,2";
			};
			name = Release;
		};
		CE42F6332B64A23400124E92 /* Debug */ = {
			isa = XCBuildConfiguration;
			buildSettings = {
				ALWAYS_EMBED_SWIFT_STANDARD_LIBRARIES = YES;
				BUNDLE_LOADER = "$(TEST_HOST)";
				CODE_SIGN_STYLE = Automatic;
				CURRENT_PROJECT_VERSION = 1;
				DEVELOPMENT_TEAM = WGTAZF6C7D;
				GENERATE_INFOPLIST_FILE = YES;
				IPHONEOS_DEPLOYMENT_TARGET = 16.2;
				MACOSX_DEPLOYMENT_TARGET = 13.1;
				MARKETING_VERSION = 1.0;
				PRODUCT_BUNDLE_IDENTIFIER = com.liuhongli.RentHouseTests;
				PRODUCT_NAME = "$(TARGET_NAME)";
				SDKROOT = auto;
				SUPPORTED_PLATFORMS = "iphoneos iphonesimulator macosx";
				SWIFT_EMIT_LOC_STRINGS = NO;
				SWIFT_VERSION = 5.0;
				TARGETED_DEVICE_FAMILY = "1,2";
				TEST_HOST = "$(BUILT_PRODUCTS_DIR)/RentHouse.app/$(BUNDLE_EXECUTABLE_FOLDER_PATH)/RentHouse";
			};
			name = Debug;
		};
		CE42F6342B64A23400124E92 /* Release */ = {
			isa = XCBuildConfiguration;
			buildSettings = {
				ALWAYS_EMBED_SWIFT_STANDARD_LIBRARIES = YES;
				BUNDLE_LOADER = "$(TEST_HOST)";
				CODE_SIGN_STYLE = Automatic;
				CURRENT_PROJECT_VERSION = 1;
				DEVELOPMENT_TEAM = WGTAZF6C7D;
				GENERATE_INFOPLIST_FILE = YES;
				IPHONEOS_DEPLOYMENT_TARGET = 16.2;
				MACOSX_DEPLOYMENT_TARGET = 13.1;
				MARKETING_VERSION = 1.0;
				PRODUCT_BUNDLE_IDENTIFIER = com.liuhongli.RentHouseTests;
				PRODUCT_NAME = "$(TARGET_NAME)";
				SDKROOT = auto;
				SUPPORTED_PLATFORMS = "iphoneos iphonesimulator macosx";
				SWIFT_EMIT_LOC_STRINGS = NO;
				SWIFT_VERSION = 5.0;
				TARGETED_DEVICE_FAMILY = "1,2";
				TEST_HOST = "$(BUILT_PRODUCTS_DIR)/RentHouse.app/$(BUNDLE_EXECUTABLE_FOLDER_PATH)/RentHouse";
			};
			name = Release;
		};
		CE42F6362B64A23400124E92 /* Debug */ = {
			isa = XCBuildConfiguration;
			buildSettings = {
				ALWAYS_EMBED_SWIFT_STANDARD_LIBRARIES = YES;
				CODE_SIGN_STYLE = Automatic;
				CURRENT_PROJECT_VERSION = 1;
				DEVELOPMENT_TEAM = WGTAZF6C7D;
				GENERATE_INFOPLIST_FILE = YES;
				IPHONEOS_DEPLOYMENT_TARGET = 16.2;
				MACOSX_DEPLOYMENT_TARGET = 13.1;
				MARKETING_VERSION = 1.0;
				PRODUCT_BUNDLE_IDENTIFIER = com.liuhongli.RentHouseUITests;
				PRODUCT_NAME = "$(TARGET_NAME)";
				SDKROOT = auto;
				SUPPORTED_PLATFORMS = "iphoneos iphonesimulator macosx";
				SWIFT_EMIT_LOC_STRINGS = NO;
				SWIFT_VERSION = 5.0;
				TARGETED_DEVICE_FAMILY = "1,2";
				TEST_TARGET_NAME = RentHouse;
			};
			name = Debug;
		};
		CE42F6372B64A23400124E92 /* Release */ = {
			isa = XCBuildConfiguration;
			buildSettings = {
				ALWAYS_EMBED_SWIFT_STANDARD_LIBRARIES = YES;
				CODE_SIGN_STYLE = Automatic;
				CURRENT_PROJECT_VERSION = 1;
				DEVELOPMENT_TEAM = WGTAZF6C7D;
				GENERATE_INFOPLIST_FILE = YES;
				IPHONEOS_DEPLOYMENT_TARGET = 16.2;
				MACOSX_DEPLOYMENT_TARGET = 13.1;
				MARKETING_VERSION = 1.0;
				PRODUCT_BUNDLE_IDENTIFIER = com.liuhongli.RentHouseUITests;
				PRODUCT_NAME = "$(TARGET_NAME)";
				SDKROOT = auto;
				SUPPORTED_PLATFORMS = "iphoneos iphonesimulator macosx";
				SWIFT_EMIT_LOC_STRINGS = NO;
				SWIFT_VERSION = 5.0;
				TARGETED_DEVICE_FAMILY = "1,2";
				TEST_TARGET_NAME = RentHouse;
			};
			name = Release;
		};
/* End XCBuildConfiguration section */

/* Begin XCConfigurationList section */
		CE42F6002B64A23200124E92 /* Build configuration list for PBXProject "RentHouse" */ = {
			isa = XCConfigurationList;
			buildConfigurations = (
				CE42F62D2B64A23400124E92 /* Debug */,
				CE42F62E2B64A23400124E92 /* Release */,
			);
			defaultConfigurationIsVisible = 0;
			defaultConfigurationName = Release;
		};
		CE42F62F2B64A23400124E92 /* Build configuration list for PBXNativeTarget "RentHouse" */ = {
			isa = XCConfigurationList;
			buildConfigurations = (
				CE42F6302B64A23400124E92 /* Debug */,
				CE42F6312B64A23400124E92 /* Release */,
			);
			defaultConfigurationIsVisible = 0;
			defaultConfigurationName = Release;
		};
		CE42F6322B64A23400124E92 /* Build configuration list for PBXNativeTarget "RentHouseTests" */ = {
			isa = XCConfigurationList;
			buildConfigurations = (
				CE42F6332B64A23400124E92 /* Debug */,
				CE42F6342B64A23400124E92 /* Release */,
			);
			defaultConfigurationIsVisible = 0;
			defaultConfigurationName = Release;
		};
		CE42F6352B64A23400124E92 /* Build configuration list for PBXNativeTarget "RentHouseUITests" */ = {
			isa = XCConfigurationList;
			buildConfigurations = (
				CE42F6362B64A23400124E92 /* Debug */,
				CE42F6372B64A23400124E92 /* Release */,
			);
			defaultConfigurationIsVisible = 0;
			defaultConfigurationName = Release;
		};
/* End XCConfigurationList section */

/* Begin XCRemoteSwiftPackageReference section */
		CE42F6702B64EA1B00124E92 /* XCRemoteSwiftPackageReference "Alamofire" */ = {
			isa = XCRemoteSwiftPackageReference;
			repositoryURL = "https://gitee.com/cellgit/Alamofire.git";
			requirement = {
				kind = upToNextMinorVersion;
				minimumVersion = 5.8.0;
			};
		};
		CE8005632B91748D00E1D683 /* XCRemoteSwiftPackageReference "Kingfisher" */ = {
			isa = XCRemoteSwiftPackageReference;
			repositoryURL = "https://gitee.com/cellgit/Kingfisher.git";
			requirement = {
				kind = upToNextMajorVersion;
				minimumVersion = 7.11.0;
			};
		};
		CEBEFA682B97065D009A6DB0 /* XCRemoteSwiftPackageReference "SKPhotoBrowser" */ = {
			isa = XCRemoteSwiftPackageReference;
			repositoryURL = "https://gitee.com/cellgit/SKPhotoBrowser.git";
			requirement = {
				kind = upToNextMajorVersion;
				minimumVersion = 7.1.0;
			};
		};
		CEBEFA742B985664009A6DB0 /* XCRemoteSwiftPackageReference "BSImagePicker" */ = {
			isa = XCRemoteSwiftPackageReference;
			repositoryURL = "https://gitee.com/cellgit/BSImagePicker.git";
			requirement = {
				kind = upToNextMajorVersion;
				minimumVersion = 3.3.1;
			};
		};
		CECB72F32BA05435006A523A /* XCRemoteSwiftPackageReference "Drops" */ = {
			isa = XCRemoteSwiftPackageReference;
			repositoryURL = "https://gitee.com/cellgit/Drops.git";
			requirement = {
				kind = upToNextMajorVersion;
				minimumVersion = 1.7.0;
			};
		};
		CECB72F92BA0A6F0006A523A /* XCRemoteSwiftPackageReference "PopupView" */ = {
			isa = XCRemoteSwiftPackageReference;
			repositoryURL = "https://gitee.com/cellgit/PopupView.git";
			requirement = {
				kind = upToNextMajorVersion;
				minimumVersion = 2.9.0;
			};
		};
		CECB72FC2BA0A84C006A523A /* XCRemoteSwiftPackageReference "ActivityIndicatorView" */ = {
			isa = XCRemoteSwiftPackageReference;
			repositoryURL = "https://gitee.com/cellgit/ActivityIndicatorView.git";
			requirement = {
				kind = upToNextMajorVersion;
				minimumVersion = 1.1.1;
			};
		};
/* End XCRemoteSwiftPackageReference section */

/* Begin XCSwiftPackageProductDependency section */
		CE42F6712B64EA1B00124E92 /* Alamofire */ = {
			isa = XCSwiftPackageProductDependency;
			package = CE42F6702B64EA1B00124E92 /* XCRemoteSwiftPackageReference "Alamofire" */;
			productName = Alamofire;
		};
		CE8005642B91748D00E1D683 /* Kingfisher */ = {
			isa = XCSwiftPackageProductDependency;
			package = CE8005632B91748D00E1D683 /* XCRemoteSwiftPackageReference "Kingfisher" */;
			productName = Kingfisher;
		};
		CEBEFA692B97065D009A6DB0 /* SKPhotoBrowser */ = {
			isa = XCSwiftPackageProductDependency;
			package = CEBEFA682B97065D009A6DB0 /* XCRemoteSwiftPackageReference "SKPhotoBrowser" */;
			productName = SKPhotoBrowser;
		};
		CEBEFA752B985664009A6DB0 /* BSImagePicker */ = {
			isa = XCSwiftPackageProductDependency;
			package = CEBEFA742B985664009A6DB0 /* XCRemoteSwiftPackageReference "BSImagePicker" */;
			productName = BSImagePicker;
		};
		CECB72F42BA05435006A523A /* Drops */ = {
			isa = XCSwiftPackageProductDependency;
			package = CECB72F32BA05435006A523A /* XCRemoteSwiftPackageReference "Drops" */;
			productName = Drops;
		};
		CECB72FA2BA0A6F0006A523A /* PopupView */ = {
			isa = XCSwiftPackageProductDependency;
			package = CECB72F92BA0A6F0006A523A /* XCRemoteSwiftPackageReference "PopupView" */;
			productName = PopupView;
		};
		CECB730E2BA28C2A006A523A /* ActivityIndicatorView */ = {
			isa = XCSwiftPackageProductDependency;
			package = CECB72FC2BA0A84C006A523A /* XCRemoteSwiftPackageReference "ActivityIndicatorView" */;
			productName = ActivityIndicatorView;
		};
/* End XCSwiftPackageProductDependency section */

/* Begin XCVersionGroup section */
		CE42F60C2B64A23200124E92 /* RentHouse.xcdatamodeld */ = {
			isa = XCVersionGroup;
			children = (
				CE42F60D2B64A23200124E92 /* RentHouse.xcdatamodel */,
			);
			currentVersion = CE42F60D2B64A23200124E92 /* RentHouse.xcdatamodel */;
			path = RentHouse.xcdatamodeld;
			sourceTree = "<group>";
			versionGroupType = wrapper.xcdatamodel;
		};
/* End XCVersionGroup section */
	};
	rootObject = CE42F5FD2B64A23200124E92 /* Project object */;
}
